
Microsoft Visual Studio Solution File, Format Version 12.00
# Visual Studio 15
VisualStudioVersion = 15.0.26124.0
MinimumVisualStudioVersion = 15.0.26124.0
Project("{2150E333-8FDC-42A3-9474-1A3956D46DE8}") = "tests", "tests", "{49A62C40-8E8C-43D3-9D15-61383E21EED3}"
EndProject
Project("{FAE04EC0-301F-11D3-BF4B-00C04F79EFBC}") = "Pcx857x.Tests", "tests\Pcx857x.Tests.csproj", "{9FE93847-7EA5-406D-BB15-41F12952BC94}"
EndProject
Project("{FAE04EC0-301F-11D3-BF4B-00C04F79EFBC}") = "Pcx857x", "Pcx857x.csproj", "{9F268672-407B-4349-82E5-2115CC838240}"
EndProject
Global
	GlobalSection(SolutionConfigurationPlatforms) = preSolution
		Debug|Any CPU = Debug|Any CPU
		Debug|x64 = Debug|x64
		Debug|x86 = Debug|x86
		Release|Any CPU = Release|Any CPU
		Release|x64 = Release|x64
		Release|x86 = Release|x86
	EndGlobalSection
	GlobalSection(SolutionProperties) = preSolution
		HideSolutionNode = FALSE
	EndGlobalSection
	GlobalSection(ProjectConfigurationPlatforms) = postSolution
		{9FE93847-7EA5-406D-BB15-41F12952BC94}.Debug|Any CPU.ActiveCfg = Debug|Any CPU
		{9FE93847-7EA5-406D-BB15-41F12952BC94}.Debug|Any CPU.Build.0 = Debug|Any CPU
		{9FE93847-7EA5-406D-BB15-41F12952BC94}.Debug|x64.ActiveCfg = Debug|Any CPU
		{9FE93847-7EA5-406D-BB15-41F12952BC94}.Debug|x64.Build.0 = Debug|Any CPU
		{9FE93847-7EA5-406D-BB15-41F12952BC94}.Debug|x86.ActiveCfg = Debug|Any CPU
		{9FE93847-7EA5-406D-BB15-41F12952BC94}.Debug|x86.Build.0 = Debug|Any CPU
		{9FE93847-7EA5-406D-BB15-41F12952BC94}.Release|Any CPU.ActiveCfg = Release|Any CPU
		{9FE93847-7EA5-406D-BB15-41F12952BC94}.Release|Any CPU.Build.0 = Release|Any CPU
		{9FE93847-7EA5-406D-BB15-41F12952BC94}.Release|x64.ActiveCfg = Release|Any CPU
		{9FE93847-7EA5-406D-BB15-41F12952BC94}.Release|x64.Build.0 = Release|Any CPU
		{9FE93847-7EA5-406D-BB15-41F12952BC94}.Release|x86.ActiveCfg = Release|Any CPU
		{9FE93847-7EA5-406D-BB15-41F12952BC94}.Release|x86.Build.0 = Release|Any CPU
		{9F268672-407B-4349-82E5-2115CC838240}.Debug|Any CPU.ActiveCfg = Debug|Any CPU
		{9F268672-407B-4349-82E5-2115CC838240}.Debug|Any CPU.Build.0 = Debug|Any CPU
		{9F268672-407B-4349-82E5-2115CC838240}.Debug|x64.ActiveCfg = Debug|Any CPU
		{9F268672-407B-4349-82E5-2115CC838240}.Debug|x64.Build.0 = Debug|Any CPU
		{9F268672-407B-4349-82E5-2115CC838240}.Debug|x86.ActiveCfg = Debug|Any CPU
		{9F268672-407B-4349-82E5-2115CC838240}.Debug|x86.Build.0 = Debug|Any CPU
		{9F268672-407B-4349-82E5-2115CC838240}.Release|Any CPU.ActiveCfg = Release|Any CPU
		{9F268672-407B-4349-82E5-2115CC838240}.Release|Any CPU.Build.0 = Release|Any CPU
		{9F268672-407B-4349-82E5-2115CC838240}.Release|x64.ActiveCfg = Release|Any CPU
		{9F268672-407B-4349-82E5-2115CC838240}.Release|x64.Build.0 = Release|Any CPU
		{9F268672-407B-4349-82E5-2115CC838240}.Release|x86.ActiveCfg = Release|Any CPU
		{9F268672-407B-4349-82E5-2115CC838240}.Release|x86.Build.0 = Release|Any CPU
	EndGlobalSection
	GlobalSection(NestedProjects) = preSolution
		{9FE93847-7EA5-406D-BB15-41F12952BC94} = {49A62C40-8E8C-43D3-9D15-61383E21EED3}
	EndGlobalSection
EndGlobal
