
Microsoft Visual Studio Solution File, Format Version 12.00
# Visual Studio 15
VisualStudioVersion = 15.0.26124.0
MinimumVisualStudioVersion = 15.0.26124.0
Project("{2150E333-8FDC-42A3-9474-1A3956D46DE8}") = "samples", "samples", "{7C2F11ED-8E84-4F3B-AC2E-3167BBDC303A}"
EndProject
Project("{FAE04EC0-301F-11D3-BF4B-00C04F79EFBC}") = "Vl53L0X.sample", "samples\Vl53L0X.sample.csproj", "{0A211D51-BF47-461A-87E7-288077E468A4}"
EndProject
Project("{FAE04EC0-301F-11D3-BF4B-00C04F79EFBC}") = "Vl53L0X", "Vl53L0X.csproj", "{E98471A6-1820-48D4-9EDF-127662F689D3}"
EndProject
Global
	GlobalSection(SolutionConfigurationPlatforms) = preSolution
		Debug|Any CPU = Debug|Any CPU
		Debug|x64 = Debug|x64
		Debug|x86 = Debug|x86
		Release|Any CPU = Release|Any CPU
		Release|x64 = Release|x64
		Release|x86 = Release|x86
	EndGlobalSection
	GlobalSection(SolutionProperties) = preSolution
		HideSolutionNode = FALSE
	EndGlobalSection
	GlobalSection(ProjectConfigurationPlatforms) = postSolution
		{0A211D51-BF47-461A-87E7-288077E468A4}.Debug|Any CPU.ActiveCfg = Debug|Any CPU
		{0A211D51-BF47-461A-87E7-288077E468A4}.Debug|Any CPU.Build.0 = Debug|Any CPU
		{0A211D51-BF47-461A-87E7-288077E468A4}.Debug|x64.ActiveCfg = Debug|Any CPU
		{0A211D51-BF47-461A-87E7-288077E468A4}.Debug|x64.Build.0 = Debug|Any CPU
		{0A211D51-BF47-461A-87E7-288077E468A4}.Debug|x86.ActiveCfg = Debug|Any CPU
		{0A211D51-BF47-461A-87E7-288077E468A4}.Debug|x86.Build.0 = Debug|Any CPU
		{0A211D51-BF47-461A-87E7-288077E468A4}.Release|Any CPU.ActiveCfg = Release|Any CPU
		{0A211D51-BF47-461A-87E7-288077E468A4}.Release|Any CPU.Build.0 = Release|Any CPU
		{0A211D51-BF47-461A-87E7-288077E468A4}.Release|x64.ActiveCfg = Release|Any CPU
		{0A211D51-BF47-461A-87E7-288077E468A4}.Release|x64.Build.0 = Release|Any CPU
		{0A211D51-BF47-461A-87E7-288077E468A4}.Release|x86.ActiveCfg = Release|Any CPU
		{0A211D51-BF47-461A-87E7-288077E468A4}.Release|x86.Build.0 = Release|Any CPU
		{E98471A6-1820-48D4-9EDF-127662F689D3}.Debug|Any CPU.ActiveCfg = Debug|Any CPU
		{E98471A6-1820-48D4-9EDF-127662F689D3}.Debug|Any CPU.Build.0 = Debug|Any CPU
		{E98471A6-1820-48D4-9EDF-127662F689D3}.Debug|x64.ActiveCfg = Debug|Any CPU
		{E98471A6-1820-48D4-9EDF-127662F689D3}.Debug|x64.Build.0 = Debug|Any CPU
		{E98471A6-1820-48D4-9EDF-127662F689D3}.Debug|x86.ActiveCfg = Debug|Any CPU
		{E98471A6-1820-48D4-9EDF-127662F689D3}.Debug|x86.Build.0 = Debug|Any CPU
		{E98471A6-1820-48D4-9EDF-127662F689D3}.Release|Any CPU.ActiveCfg = Release|Any CPU
		{E98471A6-1820-48D4-9EDF-127662F689D3}.Release|Any CPU.Build.0 = Release|Any CPU
		{E98471A6-1820-48D4-9EDF-127662F689D3}.Release|x64.ActiveCfg = Release|Any CPU
		{E98471A6-1820-48D4-9EDF-127662F689D3}.Release|x64.Build.0 = Release|Any CPU
		{E98471A6-1820-48D4-9EDF-127662F689D3}.Release|x86.ActiveCfg = Release|Any CPU
		{E98471A6-1820-48D4-9EDF-127662F689D3}.Release|x86.Build.0 = Release|Any CPU
	EndGlobalSection
	GlobalSection(NestedProjects) = preSolution
		{0A211D51-BF47-461A-87E7-288077E468A4} = {7C2F11ED-8E84-4F3B-AC2E-3167BBDC303A}
	EndGlobalSection
EndGlobal
