
Microsoft Visual Studio Solution File, Format Version 12.00
# Visual Studio 15
VisualStudioVersion = 15.0.26124.0
MinimumVisualStudioVersion = 15.0.26124.0
Project("{FAE04EC0-301F-11D3-BF4B-00C04F79EFBC}") = "Charlieplex", "Charlieplex.csproj", "{68F07EB5-439B-4891-8982-174C1E2AA960}"
EndProject
Project("{FAE04EC0-301F-11D3-BF4B-00C04F79EFBC}") = "charlieplex-test", "samples\charlieplex-test.csproj", "{C3457832-144C-4C68-88C0-240E39404921}"
EndProject
Project("{FAE04EC0-301F-11D3-BF4B-00C04F79EFBC}") = "tests", "tests\tests.csproj", "{4CCD2B85-D98F-4411-91A8-397742069385}"
EndProject
Global
	GlobalSection(SolutionConfigurationPlatforms) = preSolution
		Debug|Any CPU = Debug|Any CPU
		Debug|x64 = Debug|x64
		Debug|x86 = Debug|x86
		Release|Any CPU = Release|Any CPU
		Release|x64 = Release|x64
		Release|x86 = Release|x86
	EndGlobalSection
	GlobalSection(SolutionProperties) = preSolution
		HideSolutionNode = FALSE
	EndGlobalSection
	GlobalSection(ProjectConfigurationPlatforms) = postSolution
		{68F07EB5-439B-4891-8982-174C1E2AA960}.Debug|Any CPU.ActiveCfg = Debug|Any CPU
		{68F07EB5-439B-4891-8982-174C1E2AA960}.Debug|Any CPU.Build.0 = Debug|Any CPU
		{68F07EB5-439B-4891-8982-174C1E2AA960}.Debug|x64.ActiveCfg = Debug|Any CPU
		{68F07EB5-439B-4891-8982-174C1E2AA960}.Debug|x64.Build.0 = Debug|Any CPU
		{68F07EB5-439B-4891-8982-174C1E2AA960}.Debug|x86.ActiveCfg = Debug|Any CPU
		{68F07EB5-439B-4891-8982-174C1E2AA960}.Debug|x86.Build.0 = Debug|Any CPU
		{68F07EB5-439B-4891-8982-174C1E2AA960}.Release|Any CPU.ActiveCfg = Release|Any CPU
		{68F07EB5-439B-4891-8982-174C1E2AA960}.Release|Any CPU.Build.0 = Release|Any CPU
		{68F07EB5-439B-4891-8982-174C1E2AA960}.Release|x64.ActiveCfg = Release|Any CPU
		{68F07EB5-439B-4891-8982-174C1E2AA960}.Release|x64.Build.0 = Release|Any CPU
		{68F07EB5-439B-4891-8982-174C1E2AA960}.Release|x86.ActiveCfg = Release|Any CPU
		{68F07EB5-439B-4891-8982-174C1E2AA960}.Release|x86.Build.0 = Release|Any CPU
		{C3457832-144C-4C68-88C0-240E39404921}.Debug|Any CPU.ActiveCfg = Debug|Any CPU
		{C3457832-144C-4C68-88C0-240E39404921}.Debug|Any CPU.Build.0 = Debug|Any CPU
		{C3457832-144C-4C68-88C0-240E39404921}.Debug|x64.ActiveCfg = Debug|Any CPU
		{C3457832-144C-4C68-88C0-240E39404921}.Debug|x64.Build.0 = Debug|Any CPU
		{C3457832-144C-4C68-88C0-240E39404921}.Debug|x86.ActiveCfg = Debug|Any CPU
		{C3457832-144C-4C68-88C0-240E39404921}.Debug|x86.Build.0 = Debug|Any CPU
		{C3457832-144C-4C68-88C0-240E39404921}.Release|Any CPU.ActiveCfg = Release|Any CPU
		{C3457832-144C-4C68-88C0-240E39404921}.Release|Any CPU.Build.0 = Release|Any CPU
		{C3457832-144C-4C68-88C0-240E39404921}.Release|x64.ActiveCfg = Release|Any CPU
		{C3457832-144C-4C68-88C0-240E39404921}.Release|x64.Build.0 = Release|Any CPU
		{C3457832-144C-4C68-88C0-240E39404921}.Release|x86.ActiveCfg = Release|Any CPU
		{C3457832-144C-4C68-88C0-240E39404921}.Release|x86.Build.0 = Release|Any CPU
		{4CCD2B85-D98F-4411-91A8-397742069385}.Debug|Any CPU.ActiveCfg = Debug|Any CPU
		{4CCD2B85-D98F-4411-91A8-397742069385}.Debug|Any CPU.Build.0 = Debug|Any CPU
		{4CCD2B85-D98F-4411-91A8-397742069385}.Debug|x64.ActiveCfg = Debug|Any CPU
		{4CCD2B85-D98F-4411-91A8-397742069385}.Debug|x64.Build.0 = Debug|Any CPU
		{4CCD2B85-D98F-4411-91A8-397742069385}.Debug|x86.ActiveCfg = Debug|Any CPU
		{4CCD2B85-D98F-4411-91A8-397742069385}.Debug|x86.Build.0 = Debug|Any CPU
		{4CCD2B85-D98F-4411-91A8-397742069385}.Release|Any CPU.ActiveCfg = Release|Any CPU
		{4CCD2B85-D98F-4411-91A8-397742069385}.Release|Any CPU.Build.0 = Release|Any CPU
		{4CCD2B85-D98F-4411-91A8-397742069385}.Release|x64.ActiveCfg = Release|Any CPU
		{4CCD2B85-D98F-4411-91A8-397742069385}.Release|x64.Build.0 = Release|Any CPU
		{4CCD2B85-D98F-4411-91A8-397742069385}.Release|x86.ActiveCfg = Release|Any CPU
		{4CCD2B85-D98F-4411-91A8-397742069385}.Release|x86.Build.0 = Release|Any CPU
	EndGlobalSection
EndGlobal
