
Microsoft Visual Studio Solution File, Format Version 12.00
# Visual Studio Version 16
VisualStudioVersion = 16.0.28407.52
MinimumVisualStudioVersion = 10.0.40219.1
Project("{9A19103F-16F7-4668-BE54-9A1E7A4F7556}") = "IotDev", "IotDev\IotDev.csproj", "{88C03EFA-C2F7-4EC0-A447-5B55859937E3}"
EndProject
Project("{FAE04EC0-301F-11D3-BF4B-00C04F79EFBC}") = "IotDev.Tests", "IotDev.Tests\IotDev.Tests.csproj", "{ED3DE701-5C76-4F27-A88A-D231A0FF6CDE}"
EndProject
Global
	GlobalSection(SolutionConfigurationPlatforms) = preSolution
		Debug|Any CPU = Debug|Any CPU
		Release|Any CPU = Release|Any CPU
	EndGlobalSection
	GlobalSection(ProjectConfigurationPlatforms) = postSolution
		{88C03EFA-C2F7-4EC0-A447-5B55859937E3}.Debug|Any CPU.ActiveCfg = Debug|Any CPU
		{88C03EFA-C2F7-4EC0-A447-5B55859937E3}.Debug|Any CPU.Build.0 = Debug|Any CPU
		{88C03EFA-C2F7-4EC0-A447-5B55859937E3}.Release|Any CPU.ActiveCfg = Release|Any CPU
		{88C03EFA-C2F7-4EC0-A447-5B55859937E3}.Release|Any CPU.Build.0 = Release|Any CPU
		{ED3DE701-5C76-4F27-A88A-D231A0FF6CDE}.Debug|Any CPU.ActiveCfg = Debug|Any CPU
		{ED3DE701-5C76-4F27-A88A-D231A0FF6CDE}.Debug|Any CPU.Build.0 = Debug|Any CPU
		{ED3DE701-5C76-4F27-A88A-D231A0FF6CDE}.Release|Any CPU.ActiveCfg = Release|Any CPU
		{ED3DE701-5C76-4F27-A88A-D231A0FF6CDE}.Release|Any CPU.Build.0 = Release|Any CPU
	EndGlobalSection
	GlobalSection(SolutionProperties) = preSolution
		HideSolutionNode = FALSE
	EndGlobalSection
	GlobalSection(ExtensibilityGlobals) = postSolution
		SolutionGuid = {48E7324D-F764-42DA-8049-D3BAB2D3A209}
	EndGlobalSection
EndGlobal
