
Microsoft Visual Studio Solution File, Format Version 12.00
# Visual Studio 15
VisualStudioVersion = 15.0.26124.0
MinimumVisualStudioVersion = 15.0.26124.0
Project("{2150E333-8FDC-42A3-9474-1A3956D46DE8}") = "samples", "samples", "{8BADDC39-7489-4BB3-A928-8F18E4335BCB}"
EndProject
Project("{FAE04EC0-301F-11D3-BF4B-00C04F79EFBC}") = "Bno055.sample", "samples\Bno055.sample.csproj", "{FD1AF06D-E06B-4ACD-90EA-D579027AD2FC}"
EndProject
Project("{FAE04EC0-301F-11D3-BF4B-00C04F79EFBC}") = "Bno055", "Bno055.csproj", "{4374CC4E-5A71-49A4-8790-2242671B960A}"
EndProject
Global
	GlobalSection(SolutionConfigurationPlatforms) = preSolution
		Debug|Any CPU = Debug|Any CPU
		Debug|x64 = Debug|x64
		Debug|x86 = Debug|x86
		Release|Any CPU = Release|Any CPU
		Release|x64 = Release|x64
		Release|x86 = Release|x86
	EndGlobalSection
	GlobalSection(SolutionProperties) = preSolution
		HideSolutionNode = FALSE
	EndGlobalSection
	GlobalSection(ProjectConfigurationPlatforms) = postSolution
		{FD1AF06D-E06B-4ACD-90EA-D579027AD2FC}.Debug|Any CPU.ActiveCfg = Debug|Any CPU
		{FD1AF06D-E06B-4ACD-90EA-D579027AD2FC}.Debug|Any CPU.Build.0 = Debug|Any CPU
		{FD1AF06D-E06B-4ACD-90EA-D579027AD2FC}.Debug|x64.ActiveCfg = Debug|Any CPU
		{FD1AF06D-E06B-4ACD-90EA-D579027AD2FC}.Debug|x64.Build.0 = Debug|Any CPU
		{FD1AF06D-E06B-4ACD-90EA-D579027AD2FC}.Debug|x86.ActiveCfg = Debug|Any CPU
		{FD1AF06D-E06B-4ACD-90EA-D579027AD2FC}.Debug|x86.Build.0 = Debug|Any CPU
		{FD1AF06D-E06B-4ACD-90EA-D579027AD2FC}.Release|Any CPU.ActiveCfg = Release|Any CPU
		{FD1AF06D-E06B-4ACD-90EA-D579027AD2FC}.Release|Any CPU.Build.0 = Release|Any CPU
		{FD1AF06D-E06B-4ACD-90EA-D579027AD2FC}.Release|x64.ActiveCfg = Release|Any CPU
		{FD1AF06D-E06B-4ACD-90EA-D579027AD2FC}.Release|x64.Build.0 = Release|Any CPU
		{FD1AF06D-E06B-4ACD-90EA-D579027AD2FC}.Release|x86.ActiveCfg = Release|Any CPU
		{FD1AF06D-E06B-4ACD-90EA-D579027AD2FC}.Release|x86.Build.0 = Release|Any CPU
		{4374CC4E-5A71-49A4-8790-2242671B960A}.Debug|Any CPU.ActiveCfg = Debug|Any CPU
		{4374CC4E-5A71-49A4-8790-2242671B960A}.Debug|Any CPU.Build.0 = Debug|Any CPU
		{4374CC4E-5A71-49A4-8790-2242671B960A}.Debug|x64.ActiveCfg = Debug|Any CPU
		{4374CC4E-5A71-49A4-8790-2242671B960A}.Debug|x64.Build.0 = Debug|Any CPU
		{4374CC4E-5A71-49A4-8790-2242671B960A}.Debug|x86.ActiveCfg = Debug|Any CPU
		{4374CC4E-5A71-49A4-8790-2242671B960A}.Debug|x86.Build.0 = Debug|Any CPU
		{4374CC4E-5A71-49A4-8790-2242671B960A}.Release|Any CPU.ActiveCfg = Release|Any CPU
		{4374CC4E-5A71-49A4-8790-2242671B960A}.Release|Any CPU.Build.0 = Release|Any CPU
		{4374CC4E-5A71-49A4-8790-2242671B960A}.Release|x64.ActiveCfg = Release|Any CPU
		{4374CC4E-5A71-49A4-8790-2242671B960A}.Release|x64.Build.0 = Release|Any CPU
		{4374CC4E-5A71-49A4-8790-2242671B960A}.Release|x86.ActiveCfg = Release|Any CPU
		{4374CC4E-5A71-49A4-8790-2242671B960A}.Release|x86.Build.0 = Release|Any CPU
	EndGlobalSection
	GlobalSection(NestedProjects) = preSolution
		{FD1AF06D-E06B-4ACD-90EA-D579027AD2FC} = {8BADDC39-7489-4BB3-A928-8F18E4335BCB}
	EndGlobalSection
EndGlobal
