
Microsoft Visual Studio Solution File, Format Version 12.00
# Visual Studio Version 16
VisualStudioVersion = 16.0.28714.193
MinimumVisualStudioVersion = 10.0.40219.1
Project("{9A19103F-16F7-4668-BE54-9A1E7A4F7556}") = "Il03xx", "Il03xx.csproj", "{016FE374-D5F3-4809-B0F9-73E6B781597A}"
EndProject
Project("{9A19103F-16F7-4668-BE54-9A1E7A4F7556}") = "Il0376.Tests", "tests\Il0376.Tests.csproj", "{79521652-D810-49BF-A984-C1CA36258DBA}"
EndProject
Global
	GlobalSection(SolutionConfigurationPlatforms) = preSolution
		Debug|Any CPU = Debug|Any CPU
		Release|Any CPU = Release|Any CPU
	EndGlobalSection
	GlobalSection(ProjectConfigurationPlatforms) = postSolution
		{016FE374-D5F3-4809-B0F9-73E6B781597A}.Debug|Any CPU.ActiveCfg = Debug|Any CPU
		{016FE374-D5F3-4809-B0F9-73E6B781597A}.Debug|Any CPU.Build.0 = Debug|Any CPU
		{016FE374-D5F3-4809-B0F9-73E6B781597A}.Release|Any CPU.ActiveCfg = Release|Any CPU
		{016FE374-D5F3-4809-B0F9-73E6B781597A}.Release|Any CPU.Build.0 = Release|Any CPU
		{79521652-D810-49BF-A984-C1CA36258DBA}.Debug|Any CPU.ActiveCfg = Debug|Any CPU
		{79521652-D810-49BF-A984-C1CA36258DBA}.Debug|Any CPU.Build.0 = Debug|Any CPU
		{79521652-D810-49BF-A984-C1CA36258DBA}.Release|Any CPU.ActiveCfg = Release|Any CPU
		{79521652-D810-49BF-A984-C1CA36258DBA}.Release|Any CPU.Build.0 = Release|Any CPU
	EndGlobalSection
	GlobalSection(SolutionProperties) = preSolution
		HideSolutionNode = FALSE
	EndGlobalSection
	GlobalSection(ExtensibilityGlobals) = postSolution
		SolutionGuid = {9B0512CA-2864-4904-B4EC-92DCF2FA956C}
	EndGlobalSection
EndGlobal
