
Microsoft Visual Studio Solution File, Format Version 12.00
# Visual Studio Version 16
VisualStudioVersion = 16.0.29613.14
MinimumVisualStudioVersion = 10.0.40219.1
Project("{9A19103F-16F7-4668-BE54-9A1E7A4F7556}") = "ArduinoCsCompiler", "ArduinoCsCompiler.csproj", "{15BFC0F8-CC4E-4EBB-A04E-77F187D223D5}"
EndProject
Project("{9A19103F-16F7-4668-BE54-9A1E7A4F7556}") = "System.Device.Gpio", "..\..\src\System.Device.Gpio\System.Device.Gpio.csproj", "{6ED2D3A8-9A96-4EB8-8CAC-259C599776B5}"
EndProject
Project("{9A19103F-16F7-4668-BE54-9A1E7A4F7556}") = "Arduino", "..\..\src\devices\Arduino\Arduino.csproj", "{C2EFFAA8-4EAE-4EDD-897E-9DA16EC1AFCE}"
EndProject
Project("{2150E333-8FDC-42A3-9474-1A3956D46DE8}") = "tests", "tests", "{5CB033D9-6A39-40DE-8336-6F78F5EC252C}"
EndProject
Project("{9A19103F-16F7-4668-BE54-9A1E7A4F7556}") = "Arduino.Tests", "..\..\src\devices\Arduino\tests\Arduino.Tests.csproj", "{B2D44322-066B-4900-A1EE-7096645A0474}"
EndProject
Project("{9A19103F-16F7-4668-BE54-9A1E7A4F7556}") = "Board", "..\..\src\devices\Board\Board.csproj", "{2087A5D8-FE61-4F04-A0F6-E2A5D2D1475E}"
EndProject
Project("{9A19103F-16F7-4668-BE54-9A1E7A4F7556}") = "CommonHelpers", "..\..\src\devices\Common\CommonHelpers.csproj", "{93266917-C265-4F8C-B326-429486FC7C3C}"
EndProject
Global
	GlobalSection(SolutionConfigurationPlatforms) = preSolution
		Debug|Any CPU = Debug|Any CPU
		Release|Any CPU = Release|Any CPU
	EndGlobalSection
	GlobalSection(ProjectConfigurationPlatforms) = postSolution
		{15BFC0F8-CC4E-4EBB-A04E-77F187D223D5}.Debug|Any CPU.ActiveCfg = Debug|Any CPU
		{15BFC0F8-CC4E-4EBB-A04E-77F187D223D5}.Debug|Any CPU.Build.0 = Debug|Any CPU
		{15BFC0F8-CC4E-4EBB-A04E-77F187D223D5}.Release|Any CPU.ActiveCfg = Release|Any CPU
		{15BFC0F8-CC4E-4EBB-A04E-77F187D223D5}.Release|Any CPU.Build.0 = Release|Any CPU
		{6ED2D3A8-9A96-4EB8-8CAC-259C599776B5}.Debug|Any CPU.ActiveCfg = Debug|Any CPU
		{6ED2D3A8-9A96-4EB8-8CAC-259C599776B5}.Debug|Any CPU.Build.0 = Debug|Any CPU
		{6ED2D3A8-9A96-4EB8-8CAC-259C599776B5}.Release|Any CPU.ActiveCfg = Release|Any CPU
		{6ED2D3A8-9A96-4EB8-8CAC-259C599776B5}.Release|Any CPU.Build.0 = Release|Any CPU
		{C2EFFAA8-4EAE-4EDD-897E-9DA16EC1AFCE}.Debug|Any CPU.ActiveCfg = Debug|Any CPU
		{C2EFFAA8-4EAE-4EDD-897E-9DA16EC1AFCE}.Debug|Any CPU.Build.0 = Debug|Any CPU
		{C2EFFAA8-4EAE-4EDD-897E-9DA16EC1AFCE}.Release|Any CPU.ActiveCfg = Release|Any CPU
		{C2EFFAA8-4EAE-4EDD-897E-9DA16EC1AFCE}.Release|Any CPU.Build.0 = Release|Any CPU
		{B2D44322-066B-4900-A1EE-7096645A0474}.Debug|Any CPU.ActiveCfg = Debug|Any CPU
		{B2D44322-066B-4900-A1EE-7096645A0474}.Debug|Any CPU.Build.0 = Debug|Any CPU
		{B2D44322-066B-4900-A1EE-7096645A0474}.Release|Any CPU.ActiveCfg = Release|Any CPU
		{B2D44322-066B-4900-A1EE-7096645A0474}.Release|Any CPU.Build.0 = Release|Any CPU
		{2087A5D8-FE61-4F04-A0F6-E2A5D2D1475E}.Debug|Any CPU.ActiveCfg = Debug|Any CPU
		{2087A5D8-FE61-4F04-A0F6-E2A5D2D1475E}.Debug|Any CPU.Build.0 = Debug|Any CPU
		{2087A5D8-FE61-4F04-A0F6-E2A5D2D1475E}.Release|Any CPU.ActiveCfg = Release|Any CPU
		{2087A5D8-FE61-4F04-A0F6-E2A5D2D1475E}.Release|Any CPU.Build.0 = Release|Any CPU
		{93266917-C265-4F8C-B326-429486FC7C3C}.Debug|Any CPU.ActiveCfg = Debug|Any CPU
		{93266917-C265-4F8C-B326-429486FC7C3C}.Debug|Any CPU.Build.0 = Debug|Any CPU
		{93266917-C265-4F8C-B326-429486FC7C3C}.Release|Any CPU.ActiveCfg = Release|Any CPU
		{93266917-C265-4F8C-B326-429486FC7C3C}.Release|Any CPU.Build.0 = Release|Any CPU
	EndGlobalSection
	GlobalSection(SolutionProperties) = preSolution
		HideSolutionNode = FALSE
	EndGlobalSection
	GlobalSection(NestedProjects) = preSolution
		{B2D44322-066B-4900-A1EE-7096645A0474} = {5CB033D9-6A39-40DE-8336-6F78F5EC252C}
	EndGlobalSection
	GlobalSection(ExtensibilityGlobals) = postSolution
		SolutionGuid = {15ABDC1A-D663-4920-AEED-D2DBB598B476}
	EndGlobalSection
EndGlobal
