
Microsoft Visual Studio Solution File, Format Version 12.00
# Visual Studio Version 17
VisualStudioVersion = 17.5.33326.253
MinimumVisualStudioVersion = 15.0.26124.0
Project("{2150E333-8FDC-42A3-9474-1A3956D46DE8}") = "samples", "samples", "{63A74A67-FAF7-420A-BE38-95210B3A00C0}"
EndProject
Project("{9A19103F-16F7-4668-BE54-9A1E7A4F7556}") = "Ssd1351.Samples", "samples\Ssd1351.Samples.csproj", "{6CED0849-578E-4918-A2B9-D830BE2FE09F}"
EndProject
Project("{9A19103F-16F7-4668-BE54-9A1E7A4F7556}") = "Ssd1351", "Ssd1351.csproj", "{15AC2845-9E0A-42D0-8AA9-C09D12104D3C}"
EndProject
Project("{9A19103F-16F7-4668-BE54-9A1E7A4F7556}") = "SkiaSharpConnector", "..\SkiaSharpConnector\SkiaSharpConnector.csproj", "{21B87B4E-8B54-4FEF-AE74-E20B23A0A70F}"
EndProject
Global
	GlobalSection(SolutionConfigurationPlatforms) = preSolution
		Debug|Any CPU = Debug|Any CPU
		Debug|x64 = Debug|x64
		Debug|x86 = Debug|x86
		Release|Any CPU = Release|Any CPU
		Release|x64 = Release|x64
		Release|x86 = Release|x86
	EndGlobalSection
	GlobalSection(ProjectConfigurationPlatforms) = postSolution
		{6CED0849-578E-4918-A2B9-D830BE2FE09F}.Debug|Any CPU.ActiveCfg = Debug|Any CPU
		{6CED0849-578E-4918-A2B9-D830BE2FE09F}.Debug|Any CPU.Build.0 = Debug|Any CPU
		{6CED0849-578E-4918-A2B9-D830BE2FE09F}.Debug|x64.ActiveCfg = Debug|Any CPU
		{6CED0849-578E-4918-A2B9-D830BE2FE09F}.Debug|x64.Build.0 = Debug|Any CPU
		{6CED0849-578E-4918-A2B9-D830BE2FE09F}.Debug|x86.ActiveCfg = Debug|Any CPU
		{6CED0849-578E-4918-A2B9-D830BE2FE09F}.Debug|x86.Build.0 = Debug|Any CPU
		{6CED0849-578E-4918-A2B9-D830BE2FE09F}.Release|Any CPU.ActiveCfg = Release|Any CPU
		{6CED0849-578E-4918-A2B9-D830BE2FE09F}.Release|Any CPU.Build.0 = Release|Any CPU
		{6CED0849-578E-4918-A2B9-D830BE2FE09F}.Release|x64.ActiveCfg = Release|Any CPU
		{6CED0849-578E-4918-A2B9-D830BE2FE09F}.Release|x64.Build.0 = Release|Any CPU
		{6CED0849-578E-4918-A2B9-D830BE2FE09F}.Release|x86.ActiveCfg = Release|Any CPU
		{6CED0849-578E-4918-A2B9-D830BE2FE09F}.Release|x86.Build.0 = Release|Any CPU
		{15AC2845-9E0A-42D0-8AA9-C09D12104D3C}.Debug|Any CPU.ActiveCfg = Debug|Any CPU
		{15AC2845-9E0A-42D0-8AA9-C09D12104D3C}.Debug|Any CPU.Build.0 = Debug|Any CPU
		{15AC2845-9E0A-42D0-8AA9-C09D12104D3C}.Debug|x64.ActiveCfg = Debug|Any CPU
		{15AC2845-9E0A-42D0-8AA9-C09D12104D3C}.Debug|x64.Build.0 = Debug|Any CPU
		{15AC2845-9E0A-42D0-8AA9-C09D12104D3C}.Debug|x86.ActiveCfg = Debug|Any CPU
		{15AC2845-9E0A-42D0-8AA9-C09D12104D3C}.Debug|x86.Build.0 = Debug|Any CPU
		{15AC2845-9E0A-42D0-8AA9-C09D12104D3C}.Release|Any CPU.ActiveCfg = Release|Any CPU
		{15AC2845-9E0A-42D0-8AA9-C09D12104D3C}.Release|Any CPU.Build.0 = Release|Any CPU
		{15AC2845-9E0A-42D0-8AA9-C09D12104D3C}.Release|x64.ActiveCfg = Release|Any CPU
		{15AC2845-9E0A-42D0-8AA9-C09D12104D3C}.Release|x64.Build.0 = Release|Any CPU
		{15AC2845-9E0A-42D0-8AA9-C09D12104D3C}.Release|x86.ActiveCfg = Release|Any CPU
		{15AC2845-9E0A-42D0-8AA9-C09D12104D3C}.Release|x86.Build.0 = Release|Any CPU
		{21B87B4E-8B54-4FEF-AE74-E20B23A0A70F}.Debug|Any CPU.ActiveCfg = Debug|Any CPU
		{21B87B4E-8B54-4FEF-AE74-E20B23A0A70F}.Debug|Any CPU.Build.0 = Debug|Any CPU
		{21B87B4E-8B54-4FEF-AE74-E20B23A0A70F}.Debug|x64.ActiveCfg = Debug|Any CPU
		{21B87B4E-8B54-4FEF-AE74-E20B23A0A70F}.Debug|x64.Build.0 = Debug|Any CPU
		{21B87B4E-8B54-4FEF-AE74-E20B23A0A70F}.Debug|x86.ActiveCfg = Debug|Any CPU
		{21B87B4E-8B54-4FEF-AE74-E20B23A0A70F}.Debug|x86.Build.0 = Debug|Any CPU
		{21B87B4E-8B54-4FEF-AE74-E20B23A0A70F}.Release|Any CPU.ActiveCfg = Release|Any CPU
		{21B87B4E-8B54-4FEF-AE74-E20B23A0A70F}.Release|Any CPU.Build.0 = Release|Any CPU
		{21B87B4E-8B54-4FEF-AE74-E20B23A0A70F}.Release|x64.ActiveCfg = Release|Any CPU
		{21B87B4E-8B54-4FEF-AE74-E20B23A0A70F}.Release|x64.Build.0 = Release|Any CPU
		{21B87B4E-8B54-4FEF-AE74-E20B23A0A70F}.Release|x86.ActiveCfg = Release|Any CPU
		{21B87B4E-8B54-4FEF-AE74-E20B23A0A70F}.Release|x86.Build.0 = Release|Any CPU
	EndGlobalSection
	GlobalSection(SolutionProperties) = preSolution
		HideSolutionNode = FALSE
	EndGlobalSection
	GlobalSection(NestedProjects) = preSolution
		{6CED0849-578E-4918-A2B9-D830BE2FE09F} = {63A74A67-FAF7-420A-BE38-95210B3A00C0}
	EndGlobalSection
EndGlobal
