
Microsoft Visual Studio Solution File, Format Version 12.00
# Visual Studio Version 16
VisualStudioVersion = 16.0.29905.134
MinimumVisualStudioVersion = 10.0.40219.1
Project("{9A19103F-16F7-4668-BE54-9A1E7A4F7556}") = "Ad7193", "Ad7193.csproj", "{C57EF9B1-9042-4AFD-93B7-78C256B95D6A}"
EndProject
Project("{9A19103F-16F7-4668-BE54-9A1E7A4F7556}") = "Ad7193.Samples", "samples\Ad7193.Samples.csproj", "{4470BDC6-A731-4C12-935E-607E4EADC4FA}"
EndProject
Project("{9A19103F-16F7-4668-BE54-9A1E7A4F7556}") = "Units", "..\Units\Units.csproj", "{D0634123-59C9-4119-8364-8BB92075146D}"
EndProject
Project("{9A19103F-16F7-4668-BE54-9A1E7A4F7556}") = "System.Device.Gpio", "..\..\System.Device.Gpio\System.Device.Gpio.csproj", "{2A5350F5-9077-4E44-84C5-4085657FB648}"
EndProject
Global
	GlobalSection(SolutionConfigurationPlatforms) = preSolution
		Debug|Any CPU = Debug|Any CPU
		Linux-Debug|Any CPU = Linux-Debug|Any CPU
		Linux-Release|Any CPU = Linux-Release|Any CPU
		Release|Any CPU = Release|Any CPU
		Windows-Debug|Any CPU = Windows-Debug|Any CPU
		Windows-Release|Any CPU = Windows-Release|Any CPU
	EndGlobalSection
	GlobalSection(ProjectConfigurationPlatforms) = postSolution
		{C57EF9B1-9042-4AFD-93B7-78C256B95D6A}.Debug|Any CPU.ActiveCfg = Debug|Any CPU
		{C57EF9B1-9042-4AFD-93B7-78C256B95D6A}.Debug|Any CPU.Build.0 = Debug|Any CPU
		{C57EF9B1-9042-4AFD-93B7-78C256B95D6A}.Linux-Debug|Any CPU.ActiveCfg = Linux-Debug|Any CPU
		{C57EF9B1-9042-4AFD-93B7-78C256B95D6A}.Linux-Debug|Any CPU.Build.0 = Linux-Debug|Any CPU
		{C57EF9B1-9042-4AFD-93B7-78C256B95D6A}.Linux-Release|Any CPU.ActiveCfg = Linux-Release|Any CPU
		{C57EF9B1-9042-4AFD-93B7-78C256B95D6A}.Linux-Release|Any CPU.Build.0 = Linux-Release|Any CPU
		{C57EF9B1-9042-4AFD-93B7-78C256B95D6A}.Release|Any CPU.ActiveCfg = Release|Any CPU
		{C57EF9B1-9042-4AFD-93B7-78C256B95D6A}.Release|Any CPU.Build.0 = Release|Any CPU
		{C57EF9B1-9042-4AFD-93B7-78C256B95D6A}.Windows-Debug|Any CPU.ActiveCfg = Windows-Debug|Any CPU
		{C57EF9B1-9042-4AFD-93B7-78C256B95D6A}.Windows-Debug|Any CPU.Build.0 = Windows-Debug|Any CPU
		{C57EF9B1-9042-4AFD-93B7-78C256B95D6A}.Windows-Release|Any CPU.ActiveCfg = Windows-Release|Any CPU
		{C57EF9B1-9042-4AFD-93B7-78C256B95D6A}.Windows-Release|Any CPU.Build.0 = Windows-Release|Any CPU
		{4470BDC6-A731-4C12-935E-607E4EADC4FA}.Debug|Any CPU.ActiveCfg = Debug|Any CPU
		{4470BDC6-A731-4C12-935E-607E4EADC4FA}.Debug|Any CPU.Build.0 = Debug|Any CPU
		{4470BDC6-A731-4C12-935E-607E4EADC4FA}.Linux-Debug|Any CPU.ActiveCfg = Linux-Debug|Any CPU
		{4470BDC6-A731-4C12-935E-607E4EADC4FA}.Linux-Debug|Any CPU.Build.0 = Linux-Debug|Any CPU
		{4470BDC6-A731-4C12-935E-607E4EADC4FA}.Linux-Release|Any CPU.ActiveCfg = Linux-Release|Any CPU
		{4470BDC6-A731-4C12-935E-607E4EADC4FA}.Linux-Release|Any CPU.Build.0 = Linux-Release|Any CPU
		{4470BDC6-A731-4C12-935E-607E4EADC4FA}.Release|Any CPU.ActiveCfg = Release|Any CPU
		{4470BDC6-A731-4C12-935E-607E4EADC4FA}.Release|Any CPU.Build.0 = Release|Any CPU
		{4470BDC6-A731-4C12-935E-607E4EADC4FA}.Windows-Debug|Any CPU.ActiveCfg = Windows-Debug|Any CPU
		{4470BDC6-A731-4C12-935E-607E4EADC4FA}.Windows-Debug|Any CPU.Build.0 = Windows-Debug|Any CPU
		{4470BDC6-A731-4C12-935E-607E4EADC4FA}.Windows-Release|Any CPU.ActiveCfg = Windows-Release|Any CPU
		{4470BDC6-A731-4C12-935E-607E4EADC4FA}.Windows-Release|Any CPU.Build.0 = Windows-Release|Any CPU
		{D0634123-59C9-4119-8364-8BB92075146D}.Debug|Any CPU.ActiveCfg = Debug|Any CPU
		{D0634123-59C9-4119-8364-8BB92075146D}.Debug|Any CPU.Build.0 = Debug|Any CPU
		{D0634123-59C9-4119-8364-8BB92075146D}.Linux-Debug|Any CPU.ActiveCfg = Debug|Any CPU
		{D0634123-59C9-4119-8364-8BB92075146D}.Linux-Debug|Any CPU.Build.0 = Debug|Any CPU
		{D0634123-59C9-4119-8364-8BB92075146D}.Linux-Release|Any CPU.ActiveCfg = Release|Any CPU
		{D0634123-59C9-4119-8364-8BB92075146D}.Linux-Release|Any CPU.Build.0 = Release|Any CPU
		{D0634123-59C9-4119-8364-8BB92075146D}.Release|Any CPU.ActiveCfg = Release|Any CPU
		{D0634123-59C9-4119-8364-8BB92075146D}.Release|Any CPU.Build.0 = Release|Any CPU
		{D0634123-59C9-4119-8364-8BB92075146D}.Windows-Debug|Any CPU.ActiveCfg = Debug|Any CPU
		{D0634123-59C9-4119-8364-8BB92075146D}.Windows-Debug|Any CPU.Build.0 = Debug|Any CPU
		{D0634123-59C9-4119-8364-8BB92075146D}.Windows-Release|Any CPU.ActiveCfg = Release|Any CPU
		{D0634123-59C9-4119-8364-8BB92075146D}.Windows-Release|Any CPU.Build.0 = Release|Any CPU
		{2A5350F5-9077-4E44-84C5-4085657FB648}.Debug|Any CPU.ActiveCfg = Debug|Any CPU
		{2A5350F5-9077-4E44-84C5-4085657FB648}.Debug|Any CPU.Build.0 = Debug|Any CPU
		{2A5350F5-9077-4E44-84C5-4085657FB648}.Linux-Debug|Any CPU.ActiveCfg = Linux-Debug|Any CPU
		{2A5350F5-9077-4E44-84C5-4085657FB648}.Linux-Debug|Any CPU.Build.0 = Linux-Debug|Any CPU
		{2A5350F5-9077-4E44-84C5-4085657FB648}.Linux-Release|Any CPU.ActiveCfg = Linux-Release|Any CPU
		{2A5350F5-9077-4E44-84C5-4085657FB648}.Linux-Release|Any CPU.Build.0 = Linux-Release|Any CPU
		{2A5350F5-9077-4E44-84C5-4085657FB648}.Release|Any CPU.ActiveCfg = Release|Any CPU
		{2A5350F5-9077-4E44-84C5-4085657FB648}.Release|Any CPU.Build.0 = Release|Any CPU
		{2A5350F5-9077-4E44-84C5-4085657FB648}.Windows-Debug|Any CPU.ActiveCfg = Windows-Debug|Any CPU
		{2A5350F5-9077-4E44-84C5-4085657FB648}.Windows-Debug|Any CPU.Build.0 = Windows-Debug|Any CPU
		{2A5350F5-9077-4E44-84C5-4085657FB648}.Windows-Release|Any CPU.ActiveCfg = Windows-Release|Any CPU
		{2A5350F5-9077-4E44-84C5-4085657FB648}.Windows-Release|Any CPU.Build.0 = Windows-Release|Any CPU
	EndGlobalSection
	GlobalSection(SolutionProperties) = preSolution
		HideSolutionNode = FALSE
	EndGlobalSection
	GlobalSection(ExtensibilityGlobals) = postSolution
		SolutionGuid = {7627AD7D-E96E-41F8-A6BA-D84D2E6CF5D6}
	EndGlobalSection
EndGlobal
