
Microsoft Visual Studio Solution File, Format Version 12.00
# Visual Studio 15
VisualStudioVersion = 15.0.26124.0
MinimumVisualStudioVersion = 15.0.26124.0
Project("{2150E333-8FDC-42A3-9474-1A3956D46DE8}") = "samples", "samples", "{0D478BAB-AFEA-4AF1-866C-E3AC32E11C5A}"
EndProject
Project("{FAE04EC0-301F-11D3-BF4B-00C04F79EFBC}") = "Ina219.Samples", "samples\Ina219.Samples.csproj", "{D9FEFE08-18E7-458A-8ECC-73A8D1E078F6}"
EndProject
Project("{FAE04EC0-301F-11D3-BF4B-00C04F79EFBC}") = "Ina219", "Ina219.csproj", "{1398DC14-97F0-4048-965A-CCB3D44BFE06}"
EndProject
Global
	GlobalSection(SolutionConfigurationPlatforms) = preSolution
		Debug|Any CPU = Debug|Any CPU
		Debug|x64 = Debug|x64
		Debug|x86 = Debug|x86
		Release|Any CPU = Release|Any CPU
		Release|x64 = Release|x64
		Release|x86 = Release|x86
	EndGlobalSection
	GlobalSection(SolutionProperties) = preSolution
		HideSolutionNode = FALSE
	EndGlobalSection
	GlobalSection(ProjectConfigurationPlatforms) = postSolution
		{D9FEFE08-18E7-458A-8ECC-73A8D1E078F6}.Debug|Any CPU.ActiveCfg = Debug|Any CPU
		{D9FEFE08-18E7-458A-8ECC-73A8D1E078F6}.Debug|Any CPU.Build.0 = Debug|Any CPU
		{D9FEFE08-18E7-458A-8ECC-73A8D1E078F6}.Debug|x64.ActiveCfg = Debug|Any CPU
		{D9FEFE08-18E7-458A-8ECC-73A8D1E078F6}.Debug|x64.Build.0 = Debug|Any CPU
		{D9FEFE08-18E7-458A-8ECC-73A8D1E078F6}.Debug|x86.ActiveCfg = Debug|Any CPU
		{D9FEFE08-18E7-458A-8ECC-73A8D1E078F6}.Debug|x86.Build.0 = Debug|Any CPU
		{D9FEFE08-18E7-458A-8ECC-73A8D1E078F6}.Release|Any CPU.ActiveCfg = Release|Any CPU
		{D9FEFE08-18E7-458A-8ECC-73A8D1E078F6}.Release|Any CPU.Build.0 = Release|Any CPU
		{D9FEFE08-18E7-458A-8ECC-73A8D1E078F6}.Release|x64.ActiveCfg = Release|Any CPU
		{D9FEFE08-18E7-458A-8ECC-73A8D1E078F6}.Release|x64.Build.0 = Release|Any CPU
		{D9FEFE08-18E7-458A-8ECC-73A8D1E078F6}.Release|x86.ActiveCfg = Release|Any CPU
		{D9FEFE08-18E7-458A-8ECC-73A8D1E078F6}.Release|x86.Build.0 = Release|Any CPU
		{1398DC14-97F0-4048-965A-CCB3D44BFE06}.Debug|Any CPU.ActiveCfg = Debug|Any CPU
		{1398DC14-97F0-4048-965A-CCB3D44BFE06}.Debug|Any CPU.Build.0 = Debug|Any CPU
		{1398DC14-97F0-4048-965A-CCB3D44BFE06}.Debug|x64.ActiveCfg = Debug|Any CPU
		{1398DC14-97F0-4048-965A-CCB3D44BFE06}.Debug|x64.Build.0 = Debug|Any CPU
		{1398DC14-97F0-4048-965A-CCB3D44BFE06}.Debug|x86.ActiveCfg = Debug|Any CPU
		{1398DC14-97F0-4048-965A-CCB3D44BFE06}.Debug|x86.Build.0 = Debug|Any CPU
		{1398DC14-97F0-4048-965A-CCB3D44BFE06}.Release|Any CPU.ActiveCfg = Release|Any CPU
		{1398DC14-97F0-4048-965A-CCB3D44BFE06}.Release|Any CPU.Build.0 = Release|Any CPU
		{1398DC14-97F0-4048-965A-CCB3D44BFE06}.Release|x64.ActiveCfg = Release|Any CPU
		{1398DC14-97F0-4048-965A-CCB3D44BFE06}.Release|x64.Build.0 = Release|Any CPU
		{1398DC14-97F0-4048-965A-CCB3D44BFE06}.Release|x86.ActiveCfg = Release|Any CPU
		{1398DC14-97F0-4048-965A-CCB3D44BFE06}.Release|x86.Build.0 = Release|Any CPU
	EndGlobalSection
	GlobalSection(NestedProjects) = preSolution
		{D9FEFE08-18E7-458A-8ECC-73A8D1E078F6} = {0D478BAB-AFEA-4AF1-866C-E3AC32E11C5A}
	EndGlobalSection
EndGlobal
