
Microsoft Visual Studio Solution File, Format Version 12.00
# Visual Studio Version 17
VisualStudioVersion = 17.0.32002.185
MinimumVisualStudioVersion = 15.0.26124.0
Project("{2150E333-8FDC-42A3-9474-1A3956D46DE8}") = "samples", "samples", "{45EC0518-E2FF-4278-ABDB-E0A2D79E71BE}"
EndProject
Project("{9A19103F-16F7-4668-BE54-9A1E7A4F7556}") = "Iot.Device.Gpio", "Iot.Device.Gpio.csproj", "{B9CCBDB6-FAE3-49BF-B654-30698EF8131D}"
EndProject
Project("{9A19103F-16F7-4668-BE54-9A1E7A4F7556}") = "Common", "..\Common\Common.csproj", "{52F56388-FBD6-4658-ABFC-161FBD79A5EA}"
EndProject
Project("{9A19103F-16F7-4668-BE54-9A1E7A4F7556}") = "Iot.Device.Gpio.Samples", "samples\Iot.Device.Gpio.Samples.csproj", "{455A62CA-C3D1-40AA-BD70-985E14129A92}"
EndProject
Project("{9A19103F-16F7-4668-BE54-9A1E7A4F7556}") = "System.Device.Gpio", "..\..\System.Device.Gpio\System.Device.Gpio.csproj", "{CCEE7D99-484E-42F2-BF84-C6C82A0D44C4}"
EndProject
Project("{2150E333-8FDC-42A3-9474-1A3956D46DE8}") = "tests", "tests", "{9CF7DED7-33FE-4177-95CC-626CA3E2B5B2}"
EndProject
Project("{9A19103F-16F7-4668-BE54-9A1E7A4F7556}") = "Gpio.Tests", "tests\Gpio.Tests.csproj", "{02FB3A2F-CA90-4ACA-8A83-F270E13BD07C}"
EndProject
Project("{9A19103F-16F7-4668-BE54-9A1E7A4F7556}") = "Board", "..\Board\Board.csproj", "{BB45F1F6-25AB-43E4-945E-F2B9673EA684}"
EndProject
Global
	GlobalSection(SolutionConfigurationPlatforms) = preSolution
		Debug|Any CPU = Debug|Any CPU
		Debug|x64 = Debug|x64
		Debug|x86 = Debug|x86
		Release|Any CPU = Release|Any CPU
		Release|x64 = Release|x64
		Release|x86 = Release|x86
	EndGlobalSection
	GlobalSection(ProjectConfigurationPlatforms) = postSolution
		{B9CCBDB6-FAE3-49BF-B654-30698EF8131D}.Debug|Any CPU.ActiveCfg = Debug|Any CPU
		{B9CCBDB6-FAE3-49BF-B654-30698EF8131D}.Debug|Any CPU.Build.0 = Debug|Any CPU
		{B9CCBDB6-FAE3-49BF-B654-30698EF8131D}.Debug|x64.ActiveCfg = Debug|Any CPU
		{B9CCBDB6-FAE3-49BF-B654-30698EF8131D}.Debug|x64.Build.0 = Debug|Any CPU
		{B9CCBDB6-FAE3-49BF-B654-30698EF8131D}.Debug|x86.ActiveCfg = Debug|Any CPU
		{B9CCBDB6-FAE3-49BF-B654-30698EF8131D}.Debug|x86.Build.0 = Debug|Any CPU
		{B9CCBDB6-FAE3-49BF-B654-30698EF8131D}.Release|Any CPU.ActiveCfg = Release|Any CPU
		{B9CCBDB6-FAE3-49BF-B654-30698EF8131D}.Release|Any CPU.Build.0 = Release|Any CPU
		{B9CCBDB6-FAE3-49BF-B654-30698EF8131D}.Release|x64.ActiveCfg = Release|Any CPU
		{B9CCBDB6-FAE3-49BF-B654-30698EF8131D}.Release|x64.Build.0 = Release|Any CPU
		{B9CCBDB6-FAE3-49BF-B654-30698EF8131D}.Release|x86.ActiveCfg = Release|Any CPU
		{B9CCBDB6-FAE3-49BF-B654-30698EF8131D}.Release|x86.Build.0 = Release|Any CPU
		{52F56388-FBD6-4658-ABFC-161FBD79A5EA}.Debug|Any CPU.ActiveCfg = Debug|Any CPU
		{52F56388-FBD6-4658-ABFC-161FBD79A5EA}.Debug|Any CPU.Build.0 = Debug|Any CPU
		{52F56388-FBD6-4658-ABFC-161FBD79A5EA}.Debug|x64.ActiveCfg = Debug|Any CPU
		{52F56388-FBD6-4658-ABFC-161FBD79A5EA}.Debug|x64.Build.0 = Debug|Any CPU
		{52F56388-FBD6-4658-ABFC-161FBD79A5EA}.Debug|x86.ActiveCfg = Debug|Any CPU
		{52F56388-FBD6-4658-ABFC-161FBD79A5EA}.Debug|x86.Build.0 = Debug|Any CPU
		{52F56388-FBD6-4658-ABFC-161FBD79A5EA}.Release|Any CPU.ActiveCfg = Release|Any CPU
		{52F56388-FBD6-4658-ABFC-161FBD79A5EA}.Release|Any CPU.Build.0 = Release|Any CPU
		{52F56388-FBD6-4658-ABFC-161FBD79A5EA}.Release|x64.ActiveCfg = Release|Any CPU
		{52F56388-FBD6-4658-ABFC-161FBD79A5EA}.Release|x64.Build.0 = Release|Any CPU
		{52F56388-FBD6-4658-ABFC-161FBD79A5EA}.Release|x86.ActiveCfg = Release|Any CPU
		{52F56388-FBD6-4658-ABFC-161FBD79A5EA}.Release|x86.Build.0 = Release|Any CPU
		{455A62CA-C3D1-40AA-BD70-985E14129A92}.Debug|Any CPU.ActiveCfg = Debug|Any CPU
		{455A62CA-C3D1-40AA-BD70-985E14129A92}.Debug|Any CPU.Build.0 = Debug|Any CPU
		{455A62CA-C3D1-40AA-BD70-985E14129A92}.Debug|x64.ActiveCfg = Debug|Any CPU
		{455A62CA-C3D1-40AA-BD70-985E14129A92}.Debug|x64.Build.0 = Debug|Any CPU
		{455A62CA-C3D1-40AA-BD70-985E14129A92}.Debug|x86.ActiveCfg = Debug|Any CPU
		{455A62CA-C3D1-40AA-BD70-985E14129A92}.Debug|x86.Build.0 = Debug|Any CPU
		{455A62CA-C3D1-40AA-BD70-985E14129A92}.Release|Any CPU.ActiveCfg = Release|Any CPU
		{455A62CA-C3D1-40AA-BD70-985E14129A92}.Release|Any CPU.Build.0 = Release|Any CPU
		{455A62CA-C3D1-40AA-BD70-985E14129A92}.Release|x64.ActiveCfg = Release|Any CPU
		{455A62CA-C3D1-40AA-BD70-985E14129A92}.Release|x64.Build.0 = Release|Any CPU
		{455A62CA-C3D1-40AA-BD70-985E14129A92}.Release|x86.ActiveCfg = Release|Any CPU
		{455A62CA-C3D1-40AA-BD70-985E14129A92}.Release|x86.Build.0 = Release|Any CPU
		{CCEE7D99-484E-42F2-BF84-C6C82A0D44C4}.Debug|Any CPU.ActiveCfg = Debug|Any CPU
		{CCEE7D99-484E-42F2-BF84-C6C82A0D44C4}.Debug|Any CPU.Build.0 = Debug|Any CPU
		{CCEE7D99-484E-42F2-BF84-C6C82A0D44C4}.Debug|x64.ActiveCfg = Debug|Any CPU
		{CCEE7D99-484E-42F2-BF84-C6C82A0D44C4}.Debug|x64.Build.0 = Debug|Any CPU
		{CCEE7D99-484E-42F2-BF84-C6C82A0D44C4}.Debug|x86.ActiveCfg = Debug|Any CPU
		{CCEE7D99-484E-42F2-BF84-C6C82A0D44C4}.Debug|x86.Build.0 = Debug|Any CPU
		{CCEE7D99-484E-42F2-BF84-C6C82A0D44C4}.Release|Any CPU.ActiveCfg = Release|Any CPU
		{CCEE7D99-484E-42F2-BF84-C6C82A0D44C4}.Release|Any CPU.Build.0 = Release|Any CPU
		{CCEE7D99-484E-42F2-BF84-C6C82A0D44C4}.Release|x64.ActiveCfg = Release|Any CPU
		{CCEE7D99-484E-42F2-BF84-C6C82A0D44C4}.Release|x64.Build.0 = Release|Any CPU
		{CCEE7D99-484E-42F2-BF84-C6C82A0D44C4}.Release|x86.ActiveCfg = Release|Any CPU
		{CCEE7D99-484E-42F2-BF84-C6C82A0D44C4}.Release|x86.Build.0 = Release|Any CPU
		{02FB3A2F-CA90-4ACA-8A83-F270E13BD07C}.Debug|Any CPU.ActiveCfg = Debug|Any CPU
		{02FB3A2F-CA90-4ACA-8A83-F270E13BD07C}.Debug|Any CPU.Build.0 = Debug|Any CPU
		{02FB3A2F-CA90-4ACA-8A83-F270E13BD07C}.Debug|x64.ActiveCfg = Debug|Any CPU
		{02FB3A2F-CA90-4ACA-8A83-F270E13BD07C}.Debug|x64.Build.0 = Debug|Any CPU
		{02FB3A2F-CA90-4ACA-8A83-F270E13BD07C}.Debug|x86.ActiveCfg = Debug|Any CPU
		{02FB3A2F-CA90-4ACA-8A83-F270E13BD07C}.Debug|x86.Build.0 = Debug|Any CPU
		{02FB3A2F-CA90-4ACA-8A83-F270E13BD07C}.Release|Any CPU.ActiveCfg = Release|Any CPU
		{02FB3A2F-CA90-4ACA-8A83-F270E13BD07C}.Release|Any CPU.Build.0 = Release|Any CPU
		{02FB3A2F-CA90-4ACA-8A83-F270E13BD07C}.Release|x64.ActiveCfg = Release|Any CPU
		{02FB3A2F-CA90-4ACA-8A83-F270E13BD07C}.Release|x64.Build.0 = Release|Any CPU
		{02FB3A2F-CA90-4ACA-8A83-F270E13BD07C}.Release|x86.ActiveCfg = Release|Any CPU
		{02FB3A2F-CA90-4ACA-8A83-F270E13BD07C}.Release|x86.Build.0 = Release|Any CPU
		{BB45F1F6-25AB-43E4-945E-F2B9673EA684}.Debug|Any CPU.ActiveCfg = Debug|Any CPU
		{BB45F1F6-25AB-43E4-945E-F2B9673EA684}.Debug|Any CPU.Build.0 = Debug|Any CPU
		{BB45F1F6-25AB-43E4-945E-F2B9673EA684}.Debug|x64.ActiveCfg = Debug|Any CPU
		{BB45F1F6-25AB-43E4-945E-F2B9673EA684}.Debug|x64.Build.0 = Debug|Any CPU
		{BB45F1F6-25AB-43E4-945E-F2B9673EA684}.Debug|x86.ActiveCfg = Debug|Any CPU
		{BB45F1F6-25AB-43E4-945E-F2B9673EA684}.Debug|x86.Build.0 = Debug|Any CPU
		{BB45F1F6-25AB-43E4-945E-F2B9673EA684}.Release|Any CPU.ActiveCfg = Release|Any CPU
		{BB45F1F6-25AB-43E4-945E-F2B9673EA684}.Release|Any CPU.Build.0 = Release|Any CPU
		{BB45F1F6-25AB-43E4-945E-F2B9673EA684}.Release|x64.ActiveCfg = Release|Any CPU
		{BB45F1F6-25AB-43E4-945E-F2B9673EA684}.Release|x64.Build.0 = Release|Any CPU
		{BB45F1F6-25AB-43E4-945E-F2B9673EA684}.Release|x86.ActiveCfg = Release|Any CPU
		{BB45F1F6-25AB-43E4-945E-F2B9673EA684}.Release|x86.Build.0 = Release|Any CPU
	EndGlobalSection
	GlobalSection(SolutionProperties) = preSolution
		HideSolutionNode = FALSE
	EndGlobalSection
	GlobalSection(NestedProjects) = preSolution
		{455A62CA-C3D1-40AA-BD70-985E14129A92} = {45EC0518-E2FF-4278-ABDB-E0A2D79E71BE}
		{02FB3A2F-CA90-4ACA-8A83-F270E13BD07C} = {9CF7DED7-33FE-4177-95CC-626CA3E2B5B2}
	EndGlobalSection
	GlobalSection(ExtensibilityGlobals) = postSolution
		SolutionGuid = {3D905E48-D204-4FA4-AEF3-4B7AFC8047BC}
	EndGlobalSection
EndGlobal
