
Microsoft Visual Studio Solution File, Format Version 12.00
# Visual Studio 15
VisualStudioVersion = 15.0.26124.0
MinimumVisualStudioVersion = 15.0.26124.0
Project("{FAE04EC0-301F-11D3-BF4B-00C04F79EFBC}") = "ShiftRegister", "ShiftRegister.csproj", "{5D11DBD2-E6DB-4170-BA26-CEFAD5173A02}"
EndProject
Project("{FAE04EC0-301F-11D3-BF4B-00C04F79EFBC}") = "ShiftRegister-driver", "samples\ShiftRegister-driver.csproj", "{5C0E11CD-E06C-4550-982E-09CE8D2D724F}"
EndProject
Global
	GlobalSection(SolutionConfigurationPlatforms) = preSolution
		Debug|Any CPU = Debug|Any CPU
		Debug|x64 = Debug|x64
		Debug|x86 = Debug|x86
		Release|Any CPU = Release|Any CPU
		Release|x64 = Release|x64
		Release|x86 = Release|x86
	EndGlobalSection
	GlobalSection(SolutionProperties) = preSolution
		HideSolutionNode = FALSE
	EndGlobalSection
	GlobalSection(ProjectConfigurationPlatforms) = postSolution
		{5D11DBD2-E6DB-4170-BA26-CEFAD5173A02}.Debug|Any CPU.ActiveCfg = Debug|Any CPU
		{5D11DBD2-E6DB-4170-BA26-CEFAD5173A02}.Debug|Any CPU.Build.0 = Debug|Any CPU
		{5D11DBD2-E6DB-4170-BA26-CEFAD5173A02}.Debug|x64.ActiveCfg = Debug|Any CPU
		{5D11DBD2-E6DB-4170-BA26-CEFAD5173A02}.Debug|x64.Build.0 = Debug|Any CPU
		{5D11DBD2-E6DB-4170-BA26-CEFAD5173A02}.Debug|x86.ActiveCfg = Debug|Any CPU
		{5D11DBD2-E6DB-4170-BA26-CEFAD5173A02}.Debug|x86.Build.0 = Debug|Any CPU
		{5D11DBD2-E6DB-4170-BA26-CEFAD5173A02}.Release|Any CPU.ActiveCfg = Release|Any CPU
		{5D11DBD2-E6DB-4170-BA26-CEFAD5173A02}.Release|Any CPU.Build.0 = Release|Any CPU
		{5D11DBD2-E6DB-4170-BA26-CEFAD5173A02}.Release|x64.ActiveCfg = Release|Any CPU
		{5D11DBD2-E6DB-4170-BA26-CEFAD5173A02}.Release|x64.Build.0 = Release|Any CPU
		{5D11DBD2-E6DB-4170-BA26-CEFAD5173A02}.Release|x86.ActiveCfg = Release|Any CPU
		{5D11DBD2-E6DB-4170-BA26-CEFAD5173A02}.Release|x86.Build.0 = Release|Any CPU
		{5C0E11CD-E06C-4550-982E-09CE8D2D724F}.Debug|Any CPU.ActiveCfg = Debug|Any CPU
		{5C0E11CD-E06C-4550-982E-09CE8D2D724F}.Debug|Any CPU.Build.0 = Debug|Any CPU
		{5C0E11CD-E06C-4550-982E-09CE8D2D724F}.Debug|x64.ActiveCfg = Debug|Any CPU
		{5C0E11CD-E06C-4550-982E-09CE8D2D724F}.Debug|x64.Build.0 = Debug|Any CPU
		{5C0E11CD-E06C-4550-982E-09CE8D2D724F}.Debug|x86.ActiveCfg = Debug|Any CPU
		{5C0E11CD-E06C-4550-982E-09CE8D2D724F}.Debug|x86.Build.0 = Debug|Any CPU
		{5C0E11CD-E06C-4550-982E-09CE8D2D724F}.Release|Any CPU.ActiveCfg = Release|Any CPU
		{5C0E11CD-E06C-4550-982E-09CE8D2D724F}.Release|Any CPU.Build.0 = Release|Any CPU
		{5C0E11CD-E06C-4550-982E-09CE8D2D724F}.Release|x64.ActiveCfg = Release|Any CPU
		{5C0E11CD-E06C-4550-982E-09CE8D2D724F}.Release|x64.Build.0 = Release|Any CPU
		{5C0E11CD-E06C-4550-982E-09CE8D2D724F}.Release|x86.ActiveCfg = Release|Any CPU
		{5C0E11CD-E06C-4550-982E-09CE8D2D724F}.Release|x86.Build.0 = Release|Any CPU
	EndGlobalSection
EndGlobal
