
Microsoft Visual Studio Solution File, Format Version 12.00
# Visual Studio 15
VisualStudioVersion = 15.0.26124.0
MinimumVisualStudioVersion = 15.0.26124.0
Project("{2150E333-8FDC-42A3-9474-1A3956D46DE8}") = "samples", "samples", "{77DA90A9-38BE-454A-B91B-48B7C720D34C}"
EndProject
Project("{FAE04EC0-301F-11D3-BF4B-00C04F79EFBC}") = "Am2320.sample", "samples\Am2320.sample.csproj", "{7B971FB2-39B5-43D0-8779-3867AE9D02E6}"
EndProject
Project("{FAE04EC0-301F-11D3-BF4B-00C04F79EFBC}") = "Am2320", "Am2320.csproj", "{92F7D43D-F70C-4606-9A14-5F28F97EC703}"
EndProject
Global
	GlobalSection(SolutionConfigurationPlatforms) = preSolution
		Debug|Any CPU = Debug|Any CPU
		Debug|x64 = Debug|x64
		Debug|x86 = Debug|x86
		Release|Any CPU = Release|Any CPU
		Release|x64 = Release|x64
		Release|x86 = Release|x86
	EndGlobalSection
	GlobalSection(SolutionProperties) = preSolution
		HideSolutionNode = FALSE
	EndGlobalSection
	GlobalSection(ProjectConfigurationPlatforms) = postSolution
		{7B971FB2-39B5-43D0-8779-3867AE9D02E6}.Debug|Any CPU.ActiveCfg = Debug|Any CPU
		{7B971FB2-39B5-43D0-8779-3867AE9D02E6}.Debug|Any CPU.Build.0 = Debug|Any CPU
		{7B971FB2-39B5-43D0-8779-3867AE9D02E6}.Debug|x64.ActiveCfg = Debug|Any CPU
		{7B971FB2-39B5-43D0-8779-3867AE9D02E6}.Debug|x64.Build.0 = Debug|Any CPU
		{7B971FB2-39B5-43D0-8779-3867AE9D02E6}.Debug|x86.ActiveCfg = Debug|Any CPU
		{7B971FB2-39B5-43D0-8779-3867AE9D02E6}.Debug|x86.Build.0 = Debug|Any CPU
		{7B971FB2-39B5-43D0-8779-3867AE9D02E6}.Release|Any CPU.ActiveCfg = Release|Any CPU
		{7B971FB2-39B5-43D0-8779-3867AE9D02E6}.Release|Any CPU.Build.0 = Release|Any CPU
		{7B971FB2-39B5-43D0-8779-3867AE9D02E6}.Release|x64.ActiveCfg = Release|Any CPU
		{7B971FB2-39B5-43D0-8779-3867AE9D02E6}.Release|x64.Build.0 = Release|Any CPU
		{7B971FB2-39B5-43D0-8779-3867AE9D02E6}.Release|x86.ActiveCfg = Release|Any CPU
		{7B971FB2-39B5-43D0-8779-3867AE9D02E6}.Release|x86.Build.0 = Release|Any CPU
		{92F7D43D-F70C-4606-9A14-5F28F97EC703}.Debug|Any CPU.ActiveCfg = Debug|Any CPU
		{92F7D43D-F70C-4606-9A14-5F28F97EC703}.Debug|Any CPU.Build.0 = Debug|Any CPU
		{92F7D43D-F70C-4606-9A14-5F28F97EC703}.Debug|x64.ActiveCfg = Debug|Any CPU
		{92F7D43D-F70C-4606-9A14-5F28F97EC703}.Debug|x64.Build.0 = Debug|Any CPU
		{92F7D43D-F70C-4606-9A14-5F28F97EC703}.Debug|x86.ActiveCfg = Debug|Any CPU
		{92F7D43D-F70C-4606-9A14-5F28F97EC703}.Debug|x86.Build.0 = Debug|Any CPU
		{92F7D43D-F70C-4606-9A14-5F28F97EC703}.Release|Any CPU.ActiveCfg = Release|Any CPU
		{92F7D43D-F70C-4606-9A14-5F28F97EC703}.Release|Any CPU.Build.0 = Release|Any CPU
		{92F7D43D-F70C-4606-9A14-5F28F97EC703}.Release|x64.ActiveCfg = Release|Any CPU
		{92F7D43D-F70C-4606-9A14-5F28F97EC703}.Release|x64.Build.0 = Release|Any CPU
		{92F7D43D-F70C-4606-9A14-5F28F97EC703}.Release|x86.ActiveCfg = Release|Any CPU
		{92F7D43D-F70C-4606-9A14-5F28F97EC703}.Release|x86.Build.0 = Release|Any CPU
	EndGlobalSection
	GlobalSection(NestedProjects) = preSolution
		{7B971FB2-39B5-43D0-8779-3867AE9D02E6} = {77DA90A9-38BE-454A-B91B-48B7C720D34C}
	EndGlobalSection
EndGlobal
