
Microsoft Visual Studio Solution File, Format Version 12.00
# Visual Studio 15
VisualStudioVersion = 15.0.26124.0
MinimumVisualStudioVersion = 15.0.26124.0
Project("{2150E333-8FDC-42A3-9474-1A3956D46DE8}") = "samples", "samples", "{20F2E85F-D100-4EE6-BF7D-8BB8748D626C}"
EndProject
Project("{FAE04EC0-301F-11D3-BF4B-00C04F79EFBC}") = "Large4Digit7SegmentDisplay.sample", "samples\Large4Digit7SegmentDisplay.sample.csproj", "{C4D7AED7-B340-4DCD-974C-5150C6D5F074}"
EndProject
Project("{FAE04EC0-301F-11D3-BF4B-00C04F79EFBC}") = "Display", "Display.csproj", "{4AAE8B9E-8540-4582-8083-D1F14104BAAC}"
EndProject
Global
	GlobalSection(SolutionConfigurationPlatforms) = preSolution
		Debug|Any CPU = Debug|Any CPU
		Debug|x64 = Debug|x64
		Debug|x86 = Debug|x86
		Release|Any CPU = Release|Any CPU
		Release|x64 = Release|x64
		Release|x86 = Release|x86
	EndGlobalSection
	GlobalSection(SolutionProperties) = preSolution
		HideSolutionNode = FALSE
	EndGlobalSection
	GlobalSection(ProjectConfigurationPlatforms) = postSolution
		{C4D7AED7-B340-4DCD-974C-5150C6D5F074}.Debug|Any CPU.ActiveCfg = Debug|Any CPU
		{C4D7AED7-B340-4DCD-974C-5150C6D5F074}.Debug|Any CPU.Build.0 = Debug|Any CPU
		{C4D7AED7-B340-4DCD-974C-5150C6D5F074}.Debug|x64.ActiveCfg = Debug|Any CPU
		{C4D7AED7-B340-4DCD-974C-5150C6D5F074}.Debug|x64.Build.0 = Debug|Any CPU
		{C4D7AED7-B340-4DCD-974C-5150C6D5F074}.Debug|x86.ActiveCfg = Debug|Any CPU
		{C4D7AED7-B340-4DCD-974C-5150C6D5F074}.Debug|x86.Build.0 = Debug|Any CPU
		{C4D7AED7-B340-4DCD-974C-5150C6D5F074}.Release|Any CPU.ActiveCfg = Release|Any CPU
		{C4D7AED7-B340-4DCD-974C-5150C6D5F074}.Release|Any CPU.Build.0 = Release|Any CPU
		{C4D7AED7-B340-4DCD-974C-5150C6D5F074}.Release|x64.ActiveCfg = Release|Any CPU
		{C4D7AED7-B340-4DCD-974C-5150C6D5F074}.Release|x64.Build.0 = Release|Any CPU
		{C4D7AED7-B340-4DCD-974C-5150C6D5F074}.Release|x86.ActiveCfg = Release|Any CPU
		{C4D7AED7-B340-4DCD-974C-5150C6D5F074}.Release|x86.Build.0 = Release|Any CPU
		{4AAE8B9E-8540-4582-8083-D1F14104BAAC}.Debug|Any CPU.ActiveCfg = Debug|Any CPU
		{4AAE8B9E-8540-4582-8083-D1F14104BAAC}.Debug|Any CPU.Build.0 = Debug|Any CPU
		{4AAE8B9E-8540-4582-8083-D1F14104BAAC}.Debug|x64.ActiveCfg = Debug|Any CPU
		{4AAE8B9E-8540-4582-8083-D1F14104BAAC}.Debug|x64.Build.0 = Debug|Any CPU
		{4AAE8B9E-8540-4582-8083-D1F14104BAAC}.Debug|x86.ActiveCfg = Debug|Any CPU
		{4AAE8B9E-8540-4582-8083-D1F14104BAAC}.Debug|x86.Build.0 = Debug|Any CPU
		{4AAE8B9E-8540-4582-8083-D1F14104BAAC}.Release|Any CPU.ActiveCfg = Release|Any CPU
		{4AAE8B9E-8540-4582-8083-D1F14104BAAC}.Release|Any CPU.Build.0 = Release|Any CPU
		{4AAE8B9E-8540-4582-8083-D1F14104BAAC}.Release|x64.ActiveCfg = Release|Any CPU
		{4AAE8B9E-8540-4582-8083-D1F14104BAAC}.Release|x64.Build.0 = Release|Any CPU
		{4AAE8B9E-8540-4582-8083-D1F14104BAAC}.Release|x86.ActiveCfg = Release|Any CPU
		{4AAE8B9E-8540-4582-8083-D1F14104BAAC}.Release|x86.Build.0 = Release|Any CPU
	EndGlobalSection
	GlobalSection(NestedProjects) = preSolution
		{C4D7AED7-B340-4DCD-974C-5150C6D5F074} = {20F2E85F-D100-4EE6-BF7D-8BB8748D626C}
	EndGlobalSection
EndGlobal
