
Microsoft Visual Studio Solution File, Format Version 12.00
# Visual Studio Version 16
VisualStudioVersion = 16.0.30907.101
MinimumVisualStudioVersion = 15.0.26124.0
Project("{9A19103F-16F7-4668-BE54-9A1E7A4F7556}") = "CharacterLcd", "CharacterLcd.csproj", "{F2A666D0-94A2-43E4-8FE1-E55C78E94ECA}"
EndProject
Project("{9A19103F-16F7-4668-BE54-9A1E7A4F7556}") = "CharacterLcd.Samples", "samples\CharacterLcd.Samples.csproj", "{4256A9C3-CAC9-4762-9E59-6E27B7F17541}"
EndProject
Project("{9A19103F-16F7-4668-BE54-9A1E7A4F7556}") = "CharacterLcd.Tests", "tests\CharacterLcd.Tests.csproj", "{140CDE6E-B425-4693-98CF-A6387225BACC}"
EndProject
Project("{9A19103F-16F7-4668-BE54-9A1E7A4F7556}") = "Arduino", "..\Arduino\Arduino.csproj", "{D8E49CAD-FFF1-45D5-AE91-4103620635E7}"
EndProject
Global
	GlobalSection(SolutionConfigurationPlatforms) = preSolution
		Debug|Any CPU = Debug|Any CPU
		Debug|x64 = Debug|x64
		Debug|x86 = Debug|x86
		Release|Any CPU = Release|Any CPU
		Release|x64 = Release|x64
		Release|x86 = Release|x86
	EndGlobalSection
	GlobalSection(ProjectConfigurationPlatforms) = postSolution
		{F2A666D0-94A2-43E4-8FE1-E55C78E94ECA}.Debug|Any CPU.ActiveCfg = Debug|Any CPU
		{F2A666D0-94A2-43E4-8FE1-E55C78E94ECA}.Debug|Any CPU.Build.0 = Debug|Any CPU
		{F2A666D0-94A2-43E4-8FE1-E55C78E94ECA}.Debug|x64.ActiveCfg = Debug|Any CPU
		{F2A666D0-94A2-43E4-8FE1-E55C78E94ECA}.Debug|x64.Build.0 = Debug|Any CPU
		{F2A666D0-94A2-43E4-8FE1-E55C78E94ECA}.Debug|x86.ActiveCfg = Debug|Any CPU
		{F2A666D0-94A2-43E4-8FE1-E55C78E94ECA}.Debug|x86.Build.0 = Debug|Any CPU
		{F2A666D0-94A2-43E4-8FE1-E55C78E94ECA}.Release|Any CPU.ActiveCfg = Release|Any CPU
		{F2A666D0-94A2-43E4-8FE1-E55C78E94ECA}.Release|Any CPU.Build.0 = Release|Any CPU
		{F2A666D0-94A2-43E4-8FE1-E55C78E94ECA}.Release|x64.ActiveCfg = Release|Any CPU
		{F2A666D0-94A2-43E4-8FE1-E55C78E94ECA}.Release|x64.Build.0 = Release|Any CPU
		{F2A666D0-94A2-43E4-8FE1-E55C78E94ECA}.Release|x86.ActiveCfg = Release|Any CPU
		{F2A666D0-94A2-43E4-8FE1-E55C78E94ECA}.Release|x86.Build.0 = Release|Any CPU
		{4256A9C3-CAC9-4762-9E59-6E27B7F17541}.Debug|Any CPU.ActiveCfg = Debug|Any CPU
		{4256A9C3-CAC9-4762-9E59-6E27B7F17541}.Debug|Any CPU.Build.0 = Debug|Any CPU
		{4256A9C3-CAC9-4762-9E59-6E27B7F17541}.Debug|x64.ActiveCfg = Debug|Any CPU
		{4256A9C3-CAC9-4762-9E59-6E27B7F17541}.Debug|x64.Build.0 = Debug|Any CPU
		{4256A9C3-CAC9-4762-9E59-6E27B7F17541}.Debug|x86.ActiveCfg = Debug|Any CPU
		{4256A9C3-CAC9-4762-9E59-6E27B7F17541}.Debug|x86.Build.0 = Debug|Any CPU
		{4256A9C3-CAC9-4762-9E59-6E27B7F17541}.Release|Any CPU.ActiveCfg = Release|Any CPU
		{4256A9C3-CAC9-4762-9E59-6E27B7F17541}.Release|Any CPU.Build.0 = Release|Any CPU
		{4256A9C3-CAC9-4762-9E59-6E27B7F17541}.Release|x64.ActiveCfg = Release|Any CPU
		{4256A9C3-CAC9-4762-9E59-6E27B7F17541}.Release|x64.Build.0 = Release|Any CPU
		{4256A9C3-CAC9-4762-9E59-6E27B7F17541}.Release|x86.ActiveCfg = Release|Any CPU
		{4256A9C3-CAC9-4762-9E59-6E27B7F17541}.Release|x86.Build.0 = Release|Any CPU
		{140CDE6E-B425-4693-98CF-A6387225BACC}.Debug|Any CPU.ActiveCfg = Debug|Any CPU
		{140CDE6E-B425-4693-98CF-A6387225BACC}.Debug|Any CPU.Build.0 = Debug|Any CPU
		{140CDE6E-B425-4693-98CF-A6387225BACC}.Debug|x64.ActiveCfg = Debug|Any CPU
		{140CDE6E-B425-4693-98CF-A6387225BACC}.Debug|x64.Build.0 = Debug|Any CPU
		{140CDE6E-B425-4693-98CF-A6387225BACC}.Debug|x86.ActiveCfg = Debug|Any CPU
		{140CDE6E-B425-4693-98CF-A6387225BACC}.Debug|x86.Build.0 = Debug|Any CPU
		{140CDE6E-B425-4693-98CF-A6387225BACC}.Release|Any CPU.ActiveCfg = Release|Any CPU
		{140CDE6E-B425-4693-98CF-A6387225BACC}.Release|Any CPU.Build.0 = Release|Any CPU
		{140CDE6E-B425-4693-98CF-A6387225BACC}.Release|x64.ActiveCfg = Release|Any CPU
		{140CDE6E-B425-4693-98CF-A6387225BACC}.Release|x64.Build.0 = Release|Any CPU
		{140CDE6E-B425-4693-98CF-A6387225BACC}.Release|x86.ActiveCfg = Release|Any CPU
		{140CDE6E-B425-4693-98CF-A6387225BACC}.Release|x86.Build.0 = Release|Any CPU
		{D8E49CAD-FFF1-45D5-AE91-4103620635E7}.Debug|Any CPU.ActiveCfg = Debug|Any CPU
		{D8E49CAD-FFF1-45D5-AE91-4103620635E7}.Debug|Any CPU.Build.0 = Debug|Any CPU
		{D8E49CAD-FFF1-45D5-AE91-4103620635E7}.Debug|x64.ActiveCfg = Debug|Any CPU
		{D8E49CAD-FFF1-45D5-AE91-4103620635E7}.Debug|x64.Build.0 = Debug|Any CPU
		{D8E49CAD-FFF1-45D5-AE91-4103620635E7}.Debug|x86.ActiveCfg = Debug|Any CPU
		{D8E49CAD-FFF1-45D5-AE91-4103620635E7}.Debug|x86.Build.0 = Debug|Any CPU
		{D8E49CAD-FFF1-45D5-AE91-4103620635E7}.Release|Any CPU.ActiveCfg = Release|Any CPU
		{D8E49CAD-FFF1-45D5-AE91-4103620635E7}.Release|Any CPU.Build.0 = Release|Any CPU
		{D8E49CAD-FFF1-45D5-AE91-4103620635E7}.Release|x64.ActiveCfg = Release|Any CPU
		{D8E49CAD-FFF1-45D5-AE91-4103620635E7}.Release|x64.Build.0 = Release|Any CPU
		{D8E49CAD-FFF1-45D5-AE91-4103620635E7}.Release|x86.ActiveCfg = Release|Any CPU
		{D8E49CAD-FFF1-45D5-AE91-4103620635E7}.Release|x86.Build.0 = Release|Any CPU
	EndGlobalSection
	GlobalSection(SolutionProperties) = preSolution
		HideSolutionNode = FALSE
	EndGlobalSection
	GlobalSection(ExtensibilityGlobals) = postSolution
		SolutionGuid = {B0E90C53-F1D5-4DA9-B3E6-FFAF76918E52}
	EndGlobalSection
EndGlobal
