
Microsoft Visual Studio Solution File, Format Version 12.00
# Visual Studio Version 17
VisualStudioVersion = 17.0.31710.8
MinimumVisualStudioVersion = 10.0.40219.1
Project("{9A19103F-16F7-4668-BE54-9A1E7A4F7556}") = "Scd4x", "Scd4x.csproj", "{91955027-9C88-478E-BC6A-CE0C9F5D29A7}"
EndProject
Project("{9A19103F-16F7-4668-BE54-9A1E7A4F7556}") = "Scd4x.Samples", "samples\Scd4x.Samples.csproj", "{7F05F2F1-F8D2-4ED8-8895-7F5A2A146647}"
EndProject
Project("{2150E333-8FDC-42A3-9474-1A3956D46DE8}") = "samples", "samples", "{B14195D9-602C-4057-A32B-1ECE385BDC34}"
EndProject
Global
	GlobalSection(SolutionConfigurationPlatforms) = preSolution
		Debug|Any CPU = Debug|Any CPU
		Release|Any CPU = Release|Any CPU
	EndGlobalSection
	GlobalSection(ProjectConfigurationPlatforms) = postSolution
		{91955027-9C88-478E-BC6A-CE0C9F5D29A7}.Debug|Any CPU.ActiveCfg = Debug|Any CPU
		{91955027-9C88-478E-BC6A-CE0C9F5D29A7}.Debug|Any CPU.Build.0 = Debug|Any CPU
		{91955027-9C88-478E-BC6A-CE0C9F5D29A7}.Release|Any CPU.ActiveCfg = Release|Any CPU
		{91955027-9C88-478E-BC6A-CE0C9F5D29A7}.Release|Any CPU.Build.0 = Release|Any CPU
		{7F05F2F1-F8D2-4ED8-8895-7F5A2A146647}.Debug|Any CPU.ActiveCfg = Debug|Any CPU
		{7F05F2F1-F8D2-4ED8-8895-7F5A2A146647}.Debug|Any CPU.Build.0 = Debug|Any CPU
		{7F05F2F1-F8D2-4ED8-8895-7F5A2A146647}.Release|Any CPU.ActiveCfg = Release|Any CPU
		{7F05F2F1-F8D2-4ED8-8895-7F5A2A146647}.Release|Any CPU.Build.0 = Release|Any CPU
	EndGlobalSection
	GlobalSection(SolutionProperties) = preSolution
		HideSolutionNode = FALSE
	EndGlobalSection
	GlobalSection(NestedProjects) = preSolution
		{7F05F2F1-F8D2-4ED8-8895-7F5A2A146647} = {B14195D9-602C-4057-A32B-1ECE385BDC34}
	EndGlobalSection
	GlobalSection(ExtensibilityGlobals) = postSolution
		SolutionGuid = {A6935864-7401-42B8-AE98-AD542C55CADE}
	EndGlobalSection
EndGlobal
