
Microsoft Visual Studio Solution File, Format Version 12.00
# Visual Studio 15
VisualStudioVersion = 15.0.26124.0
MinimumVisualStudioVersion = 15.0.26124.0
Project("{2150E333-8FDC-42A3-9474-1A3956D46DE8}") = "samples", "samples", "{A4B72FBA-9D23-4B9E-A41C-B3CEA9C6B6F4}"
EndProject
Project("{FAE04EC0-301F-11D3-BF4B-00C04F79EFBC}") = "Mcp9808.Samples", "samples\Mcp9808.Samples.csproj", "{AEFE8286-49AC-4305-8AF9-6B62854593C4}"
EndProject
Project("{FAE04EC0-301F-11D3-BF4B-00C04F79EFBC}") = "Mcp9808", "Mcp9808.csproj", "{0F303674-A342-4D0E-944D-E5E2508C8232}"
EndProject
Global
	GlobalSection(SolutionConfigurationPlatforms) = preSolution
		Debug|Any CPU = Debug|Any CPU
		Debug|x64 = Debug|x64
		Debug|x86 = Debug|x86
		Release|Any CPU = Release|Any CPU
		Release|x64 = Release|x64
		Release|x86 = Release|x86
	EndGlobalSection
	GlobalSection(SolutionProperties) = preSolution
		HideSolutionNode = FALSE
	EndGlobalSection
	GlobalSection(ProjectConfigurationPlatforms) = postSolution
		{AEFE8286-49AC-4305-8AF9-6B62854593C4}.Debug|Any CPU.ActiveCfg = Debug|Any CPU
		{AEFE8286-49AC-4305-8AF9-6B62854593C4}.Debug|Any CPU.Build.0 = Debug|Any CPU
		{AEFE8286-49AC-4305-8AF9-6B62854593C4}.Debug|x64.ActiveCfg = Debug|Any CPU
		{AEFE8286-49AC-4305-8AF9-6B62854593C4}.Debug|x64.Build.0 = Debug|Any CPU
		{AEFE8286-49AC-4305-8AF9-6B62854593C4}.Debug|x86.ActiveCfg = Debug|Any CPU
		{AEFE8286-49AC-4305-8AF9-6B62854593C4}.Debug|x86.Build.0 = Debug|Any CPU
		{AEFE8286-49AC-4305-8AF9-6B62854593C4}.Release|Any CPU.ActiveCfg = Release|Any CPU
		{AEFE8286-49AC-4305-8AF9-6B62854593C4}.Release|Any CPU.Build.0 = Release|Any CPU
		{AEFE8286-49AC-4305-8AF9-6B62854593C4}.Release|x64.ActiveCfg = Release|Any CPU
		{AEFE8286-49AC-4305-8AF9-6B62854593C4}.Release|x64.Build.0 = Release|Any CPU
		{AEFE8286-49AC-4305-8AF9-6B62854593C4}.Release|x86.ActiveCfg = Release|Any CPU
		{AEFE8286-49AC-4305-8AF9-6B62854593C4}.Release|x86.Build.0 = Release|Any CPU
		{0F303674-A342-4D0E-944D-E5E2508C8232}.Debug|Any CPU.ActiveCfg = Debug|Any CPU
		{0F303674-A342-4D0E-944D-E5E2508C8232}.Debug|Any CPU.Build.0 = Debug|Any CPU
		{0F303674-A342-4D0E-944D-E5E2508C8232}.Debug|x64.ActiveCfg = Debug|Any CPU
		{0F303674-A342-4D0E-944D-E5E2508C8232}.Debug|x64.Build.0 = Debug|Any CPU
		{0F303674-A342-4D0E-944D-E5E2508C8232}.Debug|x86.ActiveCfg = Debug|Any CPU
		{0F303674-A342-4D0E-944D-E5E2508C8232}.Debug|x86.Build.0 = Debug|Any CPU
		{0F303674-A342-4D0E-944D-E5E2508C8232}.Release|Any CPU.ActiveCfg = Release|Any CPU
		{0F303674-A342-4D0E-944D-E5E2508C8232}.Release|Any CPU.Build.0 = Release|Any CPU
		{0F303674-A342-4D0E-944D-E5E2508C8232}.Release|x64.ActiveCfg = Release|Any CPU
		{0F303674-A342-4D0E-944D-E5E2508C8232}.Release|x64.Build.0 = Release|Any CPU
		{0F303674-A342-4D0E-944D-E5E2508C8232}.Release|x86.ActiveCfg = Release|Any CPU
		{0F303674-A342-4D0E-944D-E5E2508C8232}.Release|x86.Build.0 = Release|Any CPU
	EndGlobalSection
	GlobalSection(NestedProjects) = preSolution
		{AEFE8286-49AC-4305-8AF9-6B62854593C4} = {A4B72FBA-9D23-4B9E-A41C-B3CEA9C6B6F4}
	EndGlobalSection
EndGlobal
