
Microsoft Visual Studio Solution File, Format Version 12.00
# Visual Studio Version 17
VisualStudioVersion = 17.5.33002.27
MinimumVisualStudioVersion = 10.0.40219.1
Project("{9A19103F-16F7-4668-BE54-9A1E7A4F7556}") = "Hx711I2c", "Hx711I2c.csproj", "{D8A8592A-E2D0-42F7-BAC0-436C3E4E09BF}"
EndProject
Project("{9A19103F-16F7-4668-BE54-9A1E7A4F7556}") = "Hx711I2c.Samples", "samples\Hx711I2c.Samples.csproj", "{9CBDF969-540E-489E-914C-17C846FA0248}"
EndProject
Global
	GlobalSection(SolutionConfigurationPlatforms) = preSolution
		Debug|Any CPU = Debug|Any CPU
		Release|Any CPU = Release|Any CPU
	EndGlobalSection
	GlobalSection(ProjectConfigurationPlatforms) = postSolution
		{D8A8592A-E2D0-42F7-BAC0-436C3E4E09BF}.Debug|Any CPU.ActiveCfg = Debug|Any CPU
		{D8A8592A-E2D0-42F7-BAC0-436C3E4E09BF}.Debug|Any CPU.Build.0 = Debug|Any CPU
		{D8A8592A-E2D0-42F7-BAC0-436C3E4E09BF}.Release|Any CPU.ActiveCfg = Release|Any CPU
		{D8A8592A-E2D0-42F7-BAC0-436C3E4E09BF}.Release|Any CPU.Build.0 = Release|Any CPU
		{9CBDF969-540E-489E-914C-17C846FA0248}.Debug|Any CPU.ActiveCfg = Debug|Any CPU
		{9CBDF969-540E-489E-914C-17C846FA0248}.Debug|Any CPU.Build.0 = Debug|Any CPU
		{9CBDF969-540E-489E-914C-17C846FA0248}.Release|Any CPU.ActiveCfg = Release|Any CPU
		{9CBDF969-540E-489E-914C-17C846FA0248}.Release|Any CPU.Build.0 = Release|Any CPU
	EndGlobalSection
	GlobalSection(SolutionProperties) = preSolution
		HideSolutionNode = FALSE
	EndGlobalSection
	GlobalSection(ExtensibilityGlobals) = postSolution
		SolutionGuid = {6740CF3D-9E09-42DA-A205-CB73970AF1FA}
	EndGlobalSection
EndGlobal
