
Microsoft Visual Studio Solution File, Format Version 12.00
# Visual Studio Version 17
VisualStudioVersion = 17.0.31903.59
MinimumVisualStudioVersion = 10.0.40219.1
Project("{FAE04EC0-301F-11D3-BF4B-00C04F79EFBC}") = "Cap1xxx", "Cap1xxx.csproj", "{C4804099-579A-4BBE-B51D-0474D6B80E58}"
EndProject
Project("{2150E333-8FDC-42A3-9474-1A3956D46DE8}") = "samples", "samples", "{5D20AA90-6969-D8BD-9DCD-8634F4692FDA}"
EndProject
Project("{FAE04EC0-301F-11D3-BF4B-00C04F79EFBC}") = "Cap1xxx.Samples", "samples\Cap1xxx.Samples.csproj", "{4A9D91CE-246C-429B-BC9E-62C075CEA222}"
EndProject
Project("{2150E333-8FDC-42A3-9474-1A3956D46DE8}") = "tests", "tests", "{0AB3BF05-4346-4AA6-1389-037BE0695223}"
EndProject
Project("{FAE04EC0-301F-11D3-BF4B-00C04F79EFBC}") = "Cap1xxx.Tests", "tests\Cap1xxx.Tests.csproj", "{C4F79F57-D338-4930-9995-D9EF69244291}"
EndProject
Project("{FAE04EC0-301F-11D3-BF4B-00C04F79EFBC}") = "Common", "..\Common\Common.csproj", "{C15AA1D9-3953-4747-A4F5-2BFFC3EA5057}"
EndProject
Global
	GlobalSection(SolutionConfigurationPlatforms) = preSolution
		Debug|Any CPU = Debug|Any CPU
		Debug|x64 = Debug|x64
		Debug|x86 = Debug|x86
		Release|Any CPU = Release|Any CPU
		Release|x64 = Release|x64
		Release|x86 = Release|x86
	EndGlobalSection
	GlobalSection(ProjectConfigurationPlatforms) = postSolution
		{C4804099-579A-4BBE-B51D-0474D6B80E58}.Debug|Any CPU.ActiveCfg = Debug|Any CPU
		{C4804099-579A-4BBE-B51D-0474D6B80E58}.Debug|Any CPU.Build.0 = Debug|Any CPU
		{C4804099-579A-4BBE-B51D-0474D6B80E58}.Debug|x64.ActiveCfg = Debug|Any CPU
		{C4804099-579A-4BBE-B51D-0474D6B80E58}.Debug|x64.Build.0 = Debug|Any CPU
		{C4804099-579A-4BBE-B51D-0474D6B80E58}.Debug|x86.ActiveCfg = Debug|Any CPU
		{C4804099-579A-4BBE-B51D-0474D6B80E58}.Debug|x86.Build.0 = Debug|Any CPU
		{C4804099-579A-4BBE-B51D-0474D6B80E58}.Release|Any CPU.ActiveCfg = Release|Any CPU
		{C4804099-579A-4BBE-B51D-0474D6B80E58}.Release|Any CPU.Build.0 = Release|Any CPU
		{C4804099-579A-4BBE-B51D-0474D6B80E58}.Release|x64.ActiveCfg = Release|Any CPU
		{C4804099-579A-4BBE-B51D-0474D6B80E58}.Release|x64.Build.0 = Release|Any CPU
		{C4804099-579A-4BBE-B51D-0474D6B80E58}.Release|x86.ActiveCfg = Release|Any CPU
		{C4804099-579A-4BBE-B51D-0474D6B80E58}.Release|x86.Build.0 = Release|Any CPU
		{4A9D91CE-246C-429B-BC9E-62C075CEA222}.Debug|Any CPU.ActiveCfg = Debug|Any CPU
		{4A9D91CE-246C-429B-BC9E-62C075CEA222}.Debug|Any CPU.Build.0 = Debug|Any CPU
		{4A9D91CE-246C-429B-BC9E-62C075CEA222}.Debug|x64.ActiveCfg = Debug|Any CPU
		{4A9D91CE-246C-429B-BC9E-62C075CEA222}.Debug|x64.Build.0 = Debug|Any CPU
		{4A9D91CE-246C-429B-BC9E-62C075CEA222}.Debug|x86.ActiveCfg = Debug|Any CPU
		{4A9D91CE-246C-429B-BC9E-62C075CEA222}.Debug|x86.Build.0 = Debug|Any CPU
		{4A9D91CE-246C-429B-BC9E-62C075CEA222}.Release|Any CPU.ActiveCfg = Release|Any CPU
		{4A9D91CE-246C-429B-BC9E-62C075CEA222}.Release|Any CPU.Build.0 = Release|Any CPU
		{4A9D91CE-246C-429B-BC9E-62C075CEA222}.Release|x64.ActiveCfg = Release|Any CPU
		{4A9D91CE-246C-429B-BC9E-62C075CEA222}.Release|x64.Build.0 = Release|Any CPU
		{4A9D91CE-246C-429B-BC9E-62C075CEA222}.Release|x86.ActiveCfg = Release|Any CPU
		{4A9D91CE-246C-429B-BC9E-62C075CEA222}.Release|x86.Build.0 = Release|Any CPU
		{C4F79F57-D338-4930-9995-D9EF69244291}.Debug|Any CPU.ActiveCfg = Debug|Any CPU
		{C4F79F57-D338-4930-9995-D9EF69244291}.Debug|Any CPU.Build.0 = Debug|Any CPU
		{C4F79F57-D338-4930-9995-D9EF69244291}.Debug|x64.ActiveCfg = Debug|Any CPU
		{C4F79F57-D338-4930-9995-D9EF69244291}.Debug|x64.Build.0 = Debug|Any CPU
		{C4F79F57-D338-4930-9995-D9EF69244291}.Debug|x86.ActiveCfg = Debug|Any CPU
		{C4F79F57-D338-4930-9995-D9EF69244291}.Debug|x86.Build.0 = Debug|Any CPU
		{C4F79F57-D338-4930-9995-D9EF69244291}.Release|Any CPU.ActiveCfg = Release|Any CPU
		{C4F79F57-D338-4930-9995-D9EF69244291}.Release|Any CPU.Build.0 = Release|Any CPU
		{C4F79F57-D338-4930-9995-D9EF69244291}.Release|x64.ActiveCfg = Release|Any CPU
		{C4F79F57-D338-4930-9995-D9EF69244291}.Release|x64.Build.0 = Release|Any CPU
		{C4F79F57-D338-4930-9995-D9EF69244291}.Release|x86.ActiveCfg = Release|Any CPU
		{C4F79F57-D338-4930-9995-D9EF69244291}.Release|x86.Build.0 = Release|Any CPU
		{C15AA1D9-3953-4747-A4F5-2BFFC3EA5057}.Debug|Any CPU.ActiveCfg = Debug|Any CPU
		{C15AA1D9-3953-4747-A4F5-2BFFC3EA5057}.Debug|Any CPU.Build.0 = Debug|Any CPU
		{C15AA1D9-3953-4747-A4F5-2BFFC3EA5057}.Debug|x64.ActiveCfg = Debug|Any CPU
		{C15AA1D9-3953-4747-A4F5-2BFFC3EA5057}.Debug|x64.Build.0 = Debug|Any CPU
		{C15AA1D9-3953-4747-A4F5-2BFFC3EA5057}.Debug|x86.ActiveCfg = Debug|Any CPU
		{C15AA1D9-3953-4747-A4F5-2BFFC3EA5057}.Debug|x86.Build.0 = Debug|Any CPU
		{C15AA1D9-3953-4747-A4F5-2BFFC3EA5057}.Release|Any CPU.ActiveCfg = Release|Any CPU
		{C15AA1D9-3953-4747-A4F5-2BFFC3EA5057}.Release|Any CPU.Build.0 = Release|Any CPU
		{C15AA1D9-3953-4747-A4F5-2BFFC3EA5057}.Release|x64.ActiveCfg = Release|Any CPU
		{C15AA1D9-3953-4747-A4F5-2BFFC3EA5057}.Release|x64.Build.0 = Release|Any CPU
		{C15AA1D9-3953-4747-A4F5-2BFFC3EA5057}.Release|x86.ActiveCfg = Release|Any CPU
		{C15AA1D9-3953-4747-A4F5-2BFFC3EA5057}.Release|x86.Build.0 = Release|Any CPU
	EndGlobalSection
	GlobalSection(SolutionProperties) = preSolution
		HideSolutionNode = FALSE
	EndGlobalSection
	GlobalSection(NestedProjects) = preSolution
		{4A9D91CE-246C-429B-BC9E-62C075CEA222} = {5D20AA90-6969-D8BD-9DCD-8634F4692FDA}
		{C4F79F57-D338-4930-9995-D9EF69244291} = {0AB3BF05-4346-4AA6-1389-037BE0695223}
	EndGlobalSection
EndGlobal
