
Microsoft Visual Studio Solution File, Format Version 12.00
# Visual Studio Version 17
VisualStudioVersion = 17.11.35017.193
MinimumVisualStudioVersion = 15.0.26124.0
Project("{9A19103F-16F7-4668-BE54-9A1E7A4F7556}") = "Bmm150", "Bmm150.csproj", "{00D33DB1-453A-4C28-9C58-D7BD9803C25B}"
EndProject
Project("{2150E333-8FDC-42A3-9474-1A3956D46DE8}") = "samples", "samples", "{A82B9026-3C3E-4FDD-9AF9-BE012C7A3CB7}"
EndProject
Project("{9A19103F-16F7-4668-BE54-9A1E7A4F7556}") = "Bmm150.Sample", "samples\Bmm150.Sample.csproj", "{10438E1B-E89D-446C-A276-241A6FD4B9DC}"
EndProject
Project("{9A19103F-16F7-4668-BE54-9A1E7A4F7556}") = "Arduino", "..\Arduino\Arduino.csproj", "{244B116E-A464-4293-9AC2-0E73BE1B85A4}"
EndProject
Project("{2150E333-8FDC-42A3-9474-1A3956D46DE8}") = "tests", "tests", "{B61A74C6-AF72-4FD1-BEDA-C6278922C9CB}"
EndProject
Project("{9A19103F-16F7-4668-BE54-9A1E7A4F7556}") = "Bmm150.Tests", "tests\Bmm150.Tests.csproj", "{633BBD73-03F3-49F0-99E4-24411B760CB2}"
EndProject
Project("{9A19103F-16F7-4668-BE54-9A1E7A4F7556}") = "Common", "..\Common\Common.csproj", "{AB9C073C-EC4B-43ED-8030-60208A54612C}"
EndProject
Global
	GlobalSection(SolutionConfigurationPlatforms) = preSolution
		Debug|Any CPU = Debug|Any CPU
		Debug|x64 = Debug|x64
		Debug|x86 = Debug|x86
		Release|Any CPU = Release|Any CPU
		Release|x64 = Release|x64
		Release|x86 = Release|x86
	EndGlobalSection
	GlobalSection(ProjectConfigurationPlatforms) = postSolution
		{00D33DB1-453A-4C28-9C58-D7BD9803C25B}.Debug|Any CPU.ActiveCfg = Debug|Any CPU
		{00D33DB1-453A-4C28-9C58-D7BD9803C25B}.Debug|Any CPU.Build.0 = Debug|Any CPU
		{00D33DB1-453A-4C28-9C58-D7BD9803C25B}.Debug|x64.ActiveCfg = Debug|Any CPU
		{00D33DB1-453A-4C28-9C58-D7BD9803C25B}.Debug|x64.Build.0 = Debug|Any CPU
		{00D33DB1-453A-4C28-9C58-D7BD9803C25B}.Debug|x86.ActiveCfg = Debug|Any CPU
		{00D33DB1-453A-4C28-9C58-D7BD9803C25B}.Debug|x86.Build.0 = Debug|Any CPU
		{00D33DB1-453A-4C28-9C58-D7BD9803C25B}.Release|Any CPU.ActiveCfg = Release|Any CPU
		{00D33DB1-453A-4C28-9C58-D7BD9803C25B}.Release|Any CPU.Build.0 = Release|Any CPU
		{00D33DB1-453A-4C28-9C58-D7BD9803C25B}.Release|x64.ActiveCfg = Release|Any CPU
		{00D33DB1-453A-4C28-9C58-D7BD9803C25B}.Release|x64.Build.0 = Release|Any CPU
		{00D33DB1-453A-4C28-9C58-D7BD9803C25B}.Release|x86.ActiveCfg = Release|Any CPU
		{00D33DB1-453A-4C28-9C58-D7BD9803C25B}.Release|x86.Build.0 = Release|Any CPU
		{10438E1B-E89D-446C-A276-241A6FD4B9DC}.Debug|Any CPU.ActiveCfg = Debug|Any CPU
		{10438E1B-E89D-446C-A276-241A6FD4B9DC}.Debug|Any CPU.Build.0 = Debug|Any CPU
		{10438E1B-E89D-446C-A276-241A6FD4B9DC}.Debug|x64.ActiveCfg = Debug|Any CPU
		{10438E1B-E89D-446C-A276-241A6FD4B9DC}.Debug|x64.Build.0 = Debug|Any CPU
		{10438E1B-E89D-446C-A276-241A6FD4B9DC}.Debug|x86.ActiveCfg = Debug|Any CPU
		{10438E1B-E89D-446C-A276-241A6FD4B9DC}.Debug|x86.Build.0 = Debug|Any CPU
		{10438E1B-E89D-446C-A276-241A6FD4B9DC}.Release|Any CPU.ActiveCfg = Release|Any CPU
		{10438E1B-E89D-446C-A276-241A6FD4B9DC}.Release|Any CPU.Build.0 = Release|Any CPU
		{10438E1B-E89D-446C-A276-241A6FD4B9DC}.Release|x64.ActiveCfg = Release|Any CPU
		{10438E1B-E89D-446C-A276-241A6FD4B9DC}.Release|x64.Build.0 = Release|Any CPU
		{10438E1B-E89D-446C-A276-241A6FD4B9DC}.Release|x86.ActiveCfg = Release|Any CPU
		{10438E1B-E89D-446C-A276-241A6FD4B9DC}.Release|x86.Build.0 = Release|Any CPU
		{244B116E-A464-4293-9AC2-0E73BE1B85A4}.Debug|Any CPU.ActiveCfg = Debug|Any CPU
		{244B116E-A464-4293-9AC2-0E73BE1B85A4}.Debug|Any CPU.Build.0 = Debug|Any CPU
		{244B116E-A464-4293-9AC2-0E73BE1B85A4}.Debug|x64.ActiveCfg = Debug|Any CPU
		{244B116E-A464-4293-9AC2-0E73BE1B85A4}.Debug|x64.Build.0 = Debug|Any CPU
		{244B116E-A464-4293-9AC2-0E73BE1B85A4}.Debug|x86.ActiveCfg = Debug|Any CPU
		{244B116E-A464-4293-9AC2-0E73BE1B85A4}.Debug|x86.Build.0 = Debug|Any CPU
		{244B116E-A464-4293-9AC2-0E73BE1B85A4}.Release|Any CPU.ActiveCfg = Release|Any CPU
		{244B116E-A464-4293-9AC2-0E73BE1B85A4}.Release|Any CPU.Build.0 = Release|Any CPU
		{244B116E-A464-4293-9AC2-0E73BE1B85A4}.Release|x64.ActiveCfg = Release|Any CPU
		{244B116E-A464-4293-9AC2-0E73BE1B85A4}.Release|x64.Build.0 = Release|Any CPU
		{244B116E-A464-4293-9AC2-0E73BE1B85A4}.Release|x86.ActiveCfg = Release|Any CPU
		{244B116E-A464-4293-9AC2-0E73BE1B85A4}.Release|x86.Build.0 = Release|Any CPU
		{633BBD73-03F3-49F0-99E4-24411B760CB2}.Debug|Any CPU.ActiveCfg = Debug|Any CPU
		{633BBD73-03F3-49F0-99E4-24411B760CB2}.Debug|Any CPU.Build.0 = Debug|Any CPU
		{633BBD73-03F3-49F0-99E4-24411B760CB2}.Debug|x64.ActiveCfg = Debug|Any CPU
		{633BBD73-03F3-49F0-99E4-24411B760CB2}.Debug|x64.Build.0 = Debug|Any CPU
		{633BBD73-03F3-49F0-99E4-24411B760CB2}.Debug|x86.ActiveCfg = Debug|Any CPU
		{633BBD73-03F3-49F0-99E4-24411B760CB2}.Debug|x86.Build.0 = Debug|Any CPU
		{633BBD73-03F3-49F0-99E4-24411B760CB2}.Release|Any CPU.ActiveCfg = Release|Any CPU
		{633BBD73-03F3-49F0-99E4-24411B760CB2}.Release|Any CPU.Build.0 = Release|Any CPU
		{633BBD73-03F3-49F0-99E4-24411B760CB2}.Release|x64.ActiveCfg = Release|Any CPU
		{633BBD73-03F3-49F0-99E4-24411B760CB2}.Release|x64.Build.0 = Release|Any CPU
		{633BBD73-03F3-49F0-99E4-24411B760CB2}.Release|x86.ActiveCfg = Release|Any CPU
		{633BBD73-03F3-49F0-99E4-24411B760CB2}.Release|x86.Build.0 = Release|Any CPU
		{AB9C073C-EC4B-43ED-8030-60208A54612C}.Debug|Any CPU.ActiveCfg = Debug|Any CPU
		{AB9C073C-EC4B-43ED-8030-60208A54612C}.Debug|Any CPU.Build.0 = Debug|Any CPU
		{AB9C073C-EC4B-43ED-8030-60208A54612C}.Debug|x64.ActiveCfg = Debug|Any CPU
		{AB9C073C-EC4B-43ED-8030-60208A54612C}.Debug|x64.Build.0 = Debug|Any CPU
		{AB9C073C-EC4B-43ED-8030-60208A54612C}.Debug|x86.ActiveCfg = Debug|Any CPU
		{AB9C073C-EC4B-43ED-8030-60208A54612C}.Debug|x86.Build.0 = Debug|Any CPU
		{AB9C073C-EC4B-43ED-8030-60208A54612C}.Release|Any CPU.ActiveCfg = Release|Any CPU
		{AB9C073C-EC4B-43ED-8030-60208A54612C}.Release|Any CPU.Build.0 = Release|Any CPU
		{AB9C073C-EC4B-43ED-8030-60208A54612C}.Release|x64.ActiveCfg = Release|Any CPU
		{AB9C073C-EC4B-43ED-8030-60208A54612C}.Release|x64.Build.0 = Release|Any CPU
		{AB9C073C-EC4B-43ED-8030-60208A54612C}.Release|x86.ActiveCfg = Release|Any CPU
		{AB9C073C-EC4B-43ED-8030-60208A54612C}.Release|x86.Build.0 = Release|Any CPU
	EndGlobalSection
	GlobalSection(SolutionProperties) = preSolution
		HideSolutionNode = FALSE
	EndGlobalSection
	GlobalSection(NestedProjects) = preSolution
		{10438E1B-E89D-446C-A276-241A6FD4B9DC} = {A82B9026-3C3E-4FDD-9AF9-BE012C7A3CB7}
		{633BBD73-03F3-49F0-99E4-24411B760CB2} = {B61A74C6-AF72-4FD1-BEDA-C6278922C9CB}
	EndGlobalSection
	GlobalSection(ExtensibilityGlobals) = postSolution
		SolutionGuid = {F8CEC844-3F4C-445A-9534-C72F6CD76663}
	EndGlobalSection
EndGlobal
