
Microsoft Visual Studio Solution File, Format Version 12.00
# Visual Studio 15
VisualStudioVersion = 15.0.26124.0
MinimumVisualStudioVersion = 15.0.26124.0
Project("{2150E333-8FDC-42A3-9474-1A3956D46DE8}") = "samples", "samples", "{AC4F2065-F569-4F79-9BC3-0F125C4B5D71}"
EndProject
Project("{FAE04EC0-301F-11D3-BF4B-00C04F79EFBC}") = "Mcp3008.Sample", "samples\Mcp3008.Sample.csproj", "{D34858D3-8822-45BB-9E5D-56CB08105056}"
EndProject
Project("{FAE04EC0-301F-11D3-BF4B-00C04F79EFBC}") = "Mcp3xxx", "Mcp3xxx.csproj", "{42490E87-F7AC-4F63-9C23-9B56BDBF1E5B}"
EndProject
Global
	GlobalSection(SolutionConfigurationPlatforms) = preSolution
		Debug|Any CPU = Debug|Any CPU
		Debug|x64 = Debug|x64
		Debug|x86 = Debug|x86
		Release|Any CPU = Release|Any CPU
		Release|x64 = Release|x64
		Release|x86 = Release|x86
	EndGlobalSection
	GlobalSection(SolutionProperties) = preSolution
		HideSolutionNode = FALSE
	EndGlobalSection
	GlobalSection(ProjectConfigurationPlatforms) = postSolution
		{D34858D3-8822-45BB-9E5D-56CB08105056}.Debug|Any CPU.ActiveCfg = Debug|Any CPU
		{D34858D3-8822-45BB-9E5D-56CB08105056}.Debug|Any CPU.Build.0 = Debug|Any CPU
		{D34858D3-8822-45BB-9E5D-56CB08105056}.Debug|x64.ActiveCfg = Debug|Any CPU
		{D34858D3-8822-45BB-9E5D-56CB08105056}.Debug|x64.Build.0 = Debug|Any CPU
		{D34858D3-8822-45BB-9E5D-56CB08105056}.Debug|x86.ActiveCfg = Debug|Any CPU
		{D34858D3-8822-45BB-9E5D-56CB08105056}.Debug|x86.Build.0 = Debug|Any CPU
		{D34858D3-8822-45BB-9E5D-56CB08105056}.Release|Any CPU.ActiveCfg = Release|Any CPU
		{D34858D3-8822-45BB-9E5D-56CB08105056}.Release|Any CPU.Build.0 = Release|Any CPU
		{D34858D3-8822-45BB-9E5D-56CB08105056}.Release|x64.ActiveCfg = Release|Any CPU
		{D34858D3-8822-45BB-9E5D-56CB08105056}.Release|x64.Build.0 = Release|Any CPU
		{D34858D3-8822-45BB-9E5D-56CB08105056}.Release|x86.ActiveCfg = Release|Any CPU
		{D34858D3-8822-45BB-9E5D-56CB08105056}.Release|x86.Build.0 = Release|Any CPU
		{42490E87-F7AC-4F63-9C23-9B56BDBF1E5B}.Debug|Any CPU.ActiveCfg = Debug|Any CPU
		{42490E87-F7AC-4F63-9C23-9B56BDBF1E5B}.Debug|Any CPU.Build.0 = Debug|Any CPU
		{42490E87-F7AC-4F63-9C23-9B56BDBF1E5B}.Debug|x64.ActiveCfg = Debug|Any CPU
		{42490E87-F7AC-4F63-9C23-9B56BDBF1E5B}.Debug|x64.Build.0 = Debug|Any CPU
		{42490E87-F7AC-4F63-9C23-9B56BDBF1E5B}.Debug|x86.ActiveCfg = Debug|Any CPU
		{42490E87-F7AC-4F63-9C23-9B56BDBF1E5B}.Debug|x86.Build.0 = Debug|Any CPU
		{42490E87-F7AC-4F63-9C23-9B56BDBF1E5B}.Release|Any CPU.ActiveCfg = Release|Any CPU
		{42490E87-F7AC-4F63-9C23-9B56BDBF1E5B}.Release|Any CPU.Build.0 = Release|Any CPU
		{42490E87-F7AC-4F63-9C23-9B56BDBF1E5B}.Release|x64.ActiveCfg = Release|Any CPU
		{42490E87-F7AC-4F63-9C23-9B56BDBF1E5B}.Release|x64.Build.0 = Release|Any CPU
		{42490E87-F7AC-4F63-9C23-9B56BDBF1E5B}.Release|x86.ActiveCfg = Release|Any CPU
		{42490E87-F7AC-4F63-9C23-9B56BDBF1E5B}.Release|x86.Build.0 = Release|Any CPU
	EndGlobalSection
	GlobalSection(NestedProjects) = preSolution
		{D34858D3-8822-45BB-9E5D-56CB08105056} = {AC4F2065-F569-4F79-9BC3-0F125C4B5D71}
	EndGlobalSection
EndGlobal
