
Microsoft Visual Studio Solution File, Format Version 12.00
# Visual Studio Version 16
VisualStudioVersion = 16.0.30717.126
MinimumVisualStudioVersion = 10.0.40219.1
Project("{9A19103F-16F7-4668-BE54-9A1E7A4F7556}") = "Tsl256x", "Tsl256x.csproj", "{A0D3DB4A-B7C9-4F21-BF39-9D7B4B2EEA40}"
EndProject
Project("{9A19103F-16F7-4668-BE54-9A1E7A4F7556}") = "Tsl256x.sample", "samples\Tsl256x.sample.csproj", "{FD8ADEC3-65D6-4CAC-AC9C-5B30C2FF3F75}"
EndProject
Global
	GlobalSection(SolutionConfigurationPlatforms) = preSolution
		Debug|Any CPU = Debug|Any CPU
		Release|Any CPU = Release|Any CPU
	EndGlobalSection
	GlobalSection(ProjectConfigurationPlatforms) = postSolution
		{A0D3DB4A-B7C9-4F21-BF39-9D7B4B2EEA40}.Debug|Any CPU.ActiveCfg = Debug|Any CPU
		{A0D3DB4A-B7C9-4F21-BF39-9D7B4B2EEA40}.Debug|Any CPU.Build.0 = Debug|Any CPU
		{A0D3DB4A-B7C9-4F21-BF39-9D7B4B2EEA40}.Release|Any CPU.ActiveCfg = Release|Any CPU
		{A0D3DB4A-B7C9-4F21-BF39-9D7B4B2EEA40}.Release|Any CPU.Build.0 = Release|Any CPU
		{FD8ADEC3-65D6-4CAC-AC9C-5B30C2FF3F75}.Debug|Any CPU.ActiveCfg = Debug|Any CPU
		{FD8ADEC3-65D6-4CAC-AC9C-5B30C2FF3F75}.Debug|Any CPU.Build.0 = Debug|Any CPU
		{FD8ADEC3-65D6-4CAC-AC9C-5B30C2FF3F75}.Release|Any CPU.ActiveCfg = Release|Any CPU
		{FD8ADEC3-65D6-4CAC-AC9C-5B30C2FF3F75}.Release|Any CPU.Build.0 = Release|Any CPU
	EndGlobalSection
	GlobalSection(SolutionProperties) = preSolution
		HideSolutionNode = FALSE
	EndGlobalSection
	GlobalSection(ExtensibilityGlobals) = postSolution
		SolutionGuid = {E89174EF-A269-49C1-90BC-9F1A122D4E43}
	EndGlobalSection
EndGlobal
