
Microsoft Visual Studio Solution File, Format Version 12.00
# Visual Studio Version 16
VisualStudioVersion = 16.0.31613.86
MinimumVisualStudioVersion = 10.0.40219.1
Project("{2150E333-8FDC-42A3-9474-1A3956D46DE8}") = "samples", "samples", "{72B2FB97-8473-43C0-822B-177C7D34714D}"
EndProject
Project("{9A19103F-16F7-4668-BE54-9A1E7A4F7556}") = "Ip5306", "Ip5306.csproj", "{C26CF622-4B11-4EC0-A3AD-84EBF1A4D4CA}"
EndProject
Project("{FAE04EC0-301F-11D3-BF4B-00C04F79EFBC}") = "Ip5306.samples", "samples\Ip5306.samples.csproj", "{02700A83-2F81-489E-A024-8FEEC5424844}"
EndProject
Global
	GlobalSection(SolutionConfigurationPlatforms) = preSolution
		Debug|Any CPU = Debug|Any CPU
		Release|Any CPU = Release|Any CPU
	EndGlobalSection
	GlobalSection(ProjectConfigurationPlatforms) = postSolution
		{C26CF622-4B11-4EC0-A3AD-84EBF1A4D4CA}.Debug|Any CPU.ActiveCfg = Debug|Any CPU
		{C26CF622-4B11-4EC0-A3AD-84EBF1A4D4CA}.Debug|Any CPU.Build.0 = Debug|Any CPU
		{C26CF622-4B11-4EC0-A3AD-84EBF1A4D4CA}.Release|Any CPU.ActiveCfg = Release|Any CPU
		{C26CF622-4B11-4EC0-A3AD-84EBF1A4D4CA}.Release|Any CPU.Build.0 = Release|Any CPU
		{02700A83-2F81-489E-A024-8FEEC5424844}.Debug|Any CPU.ActiveCfg = Debug|Any CPU
		{02700A83-2F81-489E-A024-8FEEC5424844}.Debug|Any CPU.Build.0 = Debug|Any CPU
		{02700A83-2F81-489E-A024-8FEEC5424844}.Release|Any CPU.ActiveCfg = Release|Any CPU
		{02700A83-2F81-489E-A024-8FEEC5424844}.Release|Any CPU.Build.0 = Release|Any CPU
	EndGlobalSection
	GlobalSection(SolutionProperties) = preSolution
		HideSolutionNode = FALSE
	EndGlobalSection
	GlobalSection(NestedProjects) = preSolution
		{02700A83-2F81-489E-A024-8FEEC5424844} = {72B2FB97-8473-43C0-822B-177C7D34714D}
	EndGlobalSection
	GlobalSection(ExtensibilityGlobals) = postSolution
		SolutionGuid = {EE59748F-52B3-473C-B23F-54767568816D}
	EndGlobalSection
EndGlobal
