
Microsoft Visual Studio Solution File, Format Version 12.00
# Visual Studio Version 17
VisualStudioVersion = 17.7.33808.371
MinimumVisualStudioVersion = 15.0.26124.0
Project("{2150E333-8FDC-42A3-9474-1A3956D46DE8}") = "tests", "tests", "{59ED0E9C-95C8-469A-9EA8-0BC0624806A9}"
EndProject
Project("{9A19103F-16F7-4668-BE54-9A1E7A4F7556}") = "Ssd13xx.Tests", "tests\Ssd13xx.Tests.csproj", "{0C3BE886-C62F-41CA-BD18-1CECFE591589}"
EndProject
Project("{2150E333-8FDC-42A3-9474-1A3956D46DE8}") = "samples", "samples", "{DA6C1243-517A-4827-A7B0-05DDCEFA88A5}"
EndProject
Project("{9A19103F-16F7-4668-BE54-9A1E7A4F7556}") = "Ssd13xx", "Ssd13xx.csproj", "{CDC920A8-123F-432D-834E-49BAB00191E7}"
EndProject
Project("{9A19103F-16F7-4668-BE54-9A1E7A4F7556}") = "Arduino", "..\Arduino\Arduino.csproj", "{9531CD82-A4B7-4F7A-A220-E2E004A6F0E9}"
EndProject
Project("{9A19103F-16F7-4668-BE54-9A1E7A4F7556}") = "SkiaSharpAdapter", "..\SkiaSharpAdapter\SkiaSharpAdapter.csproj", "{76D9C818-0A02-4DC1-A480-5C8552AC1B65}"
EndProject
Project("{9A19103F-16F7-4668-BE54-9A1E7A4F7556}") = "Common", "..\Common\Common.csproj", "{F067B019-474D-442E-B7A8-A87F59B46F41}"
EndProject
Project("{2150E333-8FDC-42A3-9474-1A3956D46DE8}") = "i2c", "i2c", "{D1B22546-FB0C-498F-B637-449A3F9DC347}"
EndProject
Project("{2150E333-8FDC-42A3-9474-1A3956D46DE8}") = "spi", "spi", "{C7302976-43EC-49DE-88F9-F2227C7F18B9}"
EndProject
Project("{9A19103F-16F7-4668-BE54-9A1E7A4F7556}") = "Ssd13xx.Samples", "samples\i2c\Ssd13xx.Samples\Ssd13xx.Samples.csproj", "{1BE0775E-A211-4D00-9016-C2825B065519}"
EndProject
Project("{9A19103F-16F7-4668-BE54-9A1E7A4F7556}") = "Ssd1309.Spi.Samples", "samples\spi\Ssd1309.Spi.Samples\Ssd1309.Spi.Samples.csproj", "{FF639AE0-9057-4FC5-AF8B-956368B20EBE}"
EndProject
Global
	GlobalSection(SolutionConfigurationPlatforms) = preSolution
		Debug|Any CPU = Debug|Any CPU
		Debug|x64 = Debug|x64
		Debug|x86 = Debug|x86
		Release|Any CPU = Release|Any CPU
		Release|x64 = Release|x64
		Release|x86 = Release|x86
	EndGlobalSection
	GlobalSection(ProjectConfigurationPlatforms) = postSolution
		{0C3BE886-C62F-41CA-BD18-1CECFE591589}.Debug|Any CPU.ActiveCfg = Debug|Any CPU
		{0C3BE886-C62F-41CA-BD18-1CECFE591589}.Debug|Any CPU.Build.0 = Debug|Any CPU
		{0C3BE886-C62F-41CA-BD18-1CECFE591589}.Debug|x64.ActiveCfg = Debug|Any CPU
		{0C3BE886-C62F-41CA-BD18-1CECFE591589}.Debug|x64.Build.0 = Debug|Any CPU
		{0C3BE886-C62F-41CA-BD18-1CECFE591589}.Debug|x86.ActiveCfg = Debug|Any CPU
		{0C3BE886-C62F-41CA-BD18-1CECFE591589}.Debug|x86.Build.0 = Debug|Any CPU
		{0C3BE886-C62F-41CA-BD18-1CECFE591589}.Release|Any CPU.ActiveCfg = Release|Any CPU
		{0C3BE886-C62F-41CA-BD18-1CECFE591589}.Release|Any CPU.Build.0 = Release|Any CPU
		{0C3BE886-C62F-41CA-BD18-1CECFE591589}.Release|x64.ActiveCfg = Release|Any CPU
		{0C3BE886-C62F-41CA-BD18-1CECFE591589}.Release|x64.Build.0 = Release|Any CPU
		{0C3BE886-C62F-41CA-BD18-1CECFE591589}.Release|x86.ActiveCfg = Release|Any CPU
		{0C3BE886-C62F-41CA-BD18-1CECFE591589}.Release|x86.Build.0 = Release|Any CPU
		{CDC920A8-123F-432D-834E-49BAB00191E7}.Debug|Any CPU.ActiveCfg = Debug|Any CPU
		{CDC920A8-123F-432D-834E-49BAB00191E7}.Debug|Any CPU.Build.0 = Debug|Any CPU
		{CDC920A8-123F-432D-834E-49BAB00191E7}.Debug|x64.ActiveCfg = Debug|Any CPU
		{CDC920A8-123F-432D-834E-49BAB00191E7}.Debug|x64.Build.0 = Debug|Any CPU
		{CDC920A8-123F-432D-834E-49BAB00191E7}.Debug|x86.ActiveCfg = Debug|Any CPU
		{CDC920A8-123F-432D-834E-49BAB00191E7}.Debug|x86.Build.0 = Debug|Any CPU
		{CDC920A8-123F-432D-834E-49BAB00191E7}.Release|Any CPU.ActiveCfg = Release|Any CPU
		{CDC920A8-123F-432D-834E-49BAB00191E7}.Release|Any CPU.Build.0 = Release|Any CPU
		{CDC920A8-123F-432D-834E-49BAB00191E7}.Release|x64.ActiveCfg = Release|Any CPU
		{CDC920A8-123F-432D-834E-49BAB00191E7}.Release|x64.Build.0 = Release|Any CPU
		{CDC920A8-123F-432D-834E-49BAB00191E7}.Release|x86.ActiveCfg = Release|Any CPU
		{CDC920A8-123F-432D-834E-49BAB00191E7}.Release|x86.Build.0 = Release|Any CPU
		{9531CD82-A4B7-4F7A-A220-E2E004A6F0E9}.Debug|Any CPU.ActiveCfg = Debug|Any CPU
		{9531CD82-A4B7-4F7A-A220-E2E004A6F0E9}.Debug|Any CPU.Build.0 = Debug|Any CPU
		{9531CD82-A4B7-4F7A-A220-E2E004A6F0E9}.Debug|x64.ActiveCfg = Debug|Any CPU
		{9531CD82-A4B7-4F7A-A220-E2E004A6F0E9}.Debug|x64.Build.0 = Debug|Any CPU
		{9531CD82-A4B7-4F7A-A220-E2E004A6F0E9}.Debug|x86.ActiveCfg = Debug|Any CPU
		{9531CD82-A4B7-4F7A-A220-E2E004A6F0E9}.Debug|x86.Build.0 = Debug|Any CPU
		{9531CD82-A4B7-4F7A-A220-E2E004A6F0E9}.Release|Any CPU.ActiveCfg = Release|Any CPU
		{9531CD82-A4B7-4F7A-A220-E2E004A6F0E9}.Release|Any CPU.Build.0 = Release|Any CPU
		{9531CD82-A4B7-4F7A-A220-E2E004A6F0E9}.Release|x64.ActiveCfg = Release|Any CPU
		{9531CD82-A4B7-4F7A-A220-E2E004A6F0E9}.Release|x64.Build.0 = Release|Any CPU
		{9531CD82-A4B7-4F7A-A220-E2E004A6F0E9}.Release|x86.ActiveCfg = Release|Any CPU
		{9531CD82-A4B7-4F7A-A220-E2E004A6F0E9}.Release|x86.Build.0 = Release|Any CPU
		{76D9C818-0A02-4DC1-A480-5C8552AC1B65}.Debug|Any CPU.ActiveCfg = Debug|Any CPU
		{76D9C818-0A02-4DC1-A480-5C8552AC1B65}.Debug|Any CPU.Build.0 = Debug|Any CPU
		{76D9C818-0A02-4DC1-A480-5C8552AC1B65}.Debug|x64.ActiveCfg = Debug|Any CPU
		{76D9C818-0A02-4DC1-A480-5C8552AC1B65}.Debug|x64.Build.0 = Debug|Any CPU
		{76D9C818-0A02-4DC1-A480-5C8552AC1B65}.Debug|x86.ActiveCfg = Debug|Any CPU
		{76D9C818-0A02-4DC1-A480-5C8552AC1B65}.Debug|x86.Build.0 = Debug|Any CPU
		{76D9C818-0A02-4DC1-A480-5C8552AC1B65}.Release|Any CPU.ActiveCfg = Release|Any CPU
		{76D9C818-0A02-4DC1-A480-5C8552AC1B65}.Release|Any CPU.Build.0 = Release|Any CPU
		{76D9C818-0A02-4DC1-A480-5C8552AC1B65}.Release|x64.ActiveCfg = Release|Any CPU
		{76D9C818-0A02-4DC1-A480-5C8552AC1B65}.Release|x64.Build.0 = Release|Any CPU
		{76D9C818-0A02-4DC1-A480-5C8552AC1B65}.Release|x86.ActiveCfg = Release|Any CPU
		{76D9C818-0A02-4DC1-A480-5C8552AC1B65}.Release|x86.Build.0 = Release|Any CPU
		{F067B019-474D-442E-B7A8-A87F59B46F41}.Debug|Any CPU.ActiveCfg = Debug|Any CPU
		{F067B019-474D-442E-B7A8-A87F59B46F41}.Debug|Any CPU.Build.0 = Debug|Any CPU
		{F067B019-474D-442E-B7A8-A87F59B46F41}.Debug|x64.ActiveCfg = Debug|Any CPU
		{F067B019-474D-442E-B7A8-A87F59B46F41}.Debug|x64.Build.0 = Debug|Any CPU
		{F067B019-474D-442E-B7A8-A87F59B46F41}.Debug|x86.ActiveCfg = Debug|Any CPU
		{F067B019-474D-442E-B7A8-A87F59B46F41}.Debug|x86.Build.0 = Debug|Any CPU
		{F067B019-474D-442E-B7A8-A87F59B46F41}.Release|Any CPU.ActiveCfg = Release|Any CPU
		{F067B019-474D-442E-B7A8-A87F59B46F41}.Release|Any CPU.Build.0 = Release|Any CPU
		{F067B019-474D-442E-B7A8-A87F59B46F41}.Release|x64.ActiveCfg = Release|Any CPU
		{F067B019-474D-442E-B7A8-A87F59B46F41}.Release|x64.Build.0 = Release|Any CPU
		{F067B019-474D-442E-B7A8-A87F59B46F41}.Release|x86.ActiveCfg = Release|Any CPU
		{F067B019-474D-442E-B7A8-A87F59B46F41}.Release|x86.Build.0 = Release|Any CPU
		{1BE0775E-A211-4D00-9016-C2825B065519}.Debug|Any CPU.ActiveCfg = Debug|Any CPU
		{1BE0775E-A211-4D00-9016-C2825B065519}.Debug|Any CPU.Build.0 = Debug|Any CPU
		{1BE0775E-A211-4D00-9016-C2825B065519}.Debug|x64.ActiveCfg = Debug|Any CPU
		{1BE0775E-A211-4D00-9016-C2825B065519}.Debug|x64.Build.0 = Debug|Any CPU
		{1BE0775E-A211-4D00-9016-C2825B065519}.Debug|x86.ActiveCfg = Debug|Any CPU
		{1BE0775E-A211-4D00-9016-C2825B065519}.Debug|x86.Build.0 = Debug|Any CPU
		{1BE0775E-A211-4D00-9016-C2825B065519}.Release|Any CPU.ActiveCfg = Release|Any CPU
		{1BE0775E-A211-4D00-9016-C2825B065519}.Release|Any CPU.Build.0 = Release|Any CPU
		{1BE0775E-A211-4D00-9016-C2825B065519}.Release|x64.ActiveCfg = Release|Any CPU
		{1BE0775E-A211-4D00-9016-C2825B065519}.Release|x64.Build.0 = Release|Any CPU
		{1BE0775E-A211-4D00-9016-C2825B065519}.Release|x86.ActiveCfg = Release|Any CPU
		{1BE0775E-A211-4D00-9016-C2825B065519}.Release|x86.Build.0 = Release|Any CPU
		{FF639AE0-9057-4FC5-AF8B-956368B20EBE}.Debug|Any CPU.ActiveCfg = Debug|Any CPU
		{FF639AE0-9057-4FC5-AF8B-956368B20EBE}.Debug|Any CPU.Build.0 = Debug|Any CPU
		{FF639AE0-9057-4FC5-AF8B-956368B20EBE}.Debug|x64.ActiveCfg = Debug|Any CPU
		{FF639AE0-9057-4FC5-AF8B-956368B20EBE}.Debug|x64.Build.0 = Debug|Any CPU
		{FF639AE0-9057-4FC5-AF8B-956368B20EBE}.Debug|x86.ActiveCfg = Debug|Any CPU
		{FF639AE0-9057-4FC5-AF8B-956368B20EBE}.Debug|x86.Build.0 = Debug|Any CPU
		{FF639AE0-9057-4FC5-AF8B-956368B20EBE}.Release|Any CPU.ActiveCfg = Release|Any CPU
		{FF639AE0-9057-4FC5-AF8B-956368B20EBE}.Release|Any CPU.Build.0 = Release|Any CPU
		{FF639AE0-9057-4FC5-AF8B-956368B20EBE}.Release|x64.ActiveCfg = Release|Any CPU
		{FF639AE0-9057-4FC5-AF8B-956368B20EBE}.Release|x64.Build.0 = Release|Any CPU
		{FF639AE0-9057-4FC5-AF8B-956368B20EBE}.Release|x86.ActiveCfg = Release|Any CPU
		{FF639AE0-9057-4FC5-AF8B-956368B20EBE}.Release|x86.Build.0 = Release|Any CPU
	EndGlobalSection
	GlobalSection(SolutionProperties) = preSolution
		HideSolutionNode = FALSE
	EndGlobalSection
	GlobalSection(NestedProjects) = preSolution
		{0C3BE886-C62F-41CA-BD18-1CECFE591589} = {59ED0E9C-95C8-469A-9EA8-0BC0624806A9}
		{D1B22546-FB0C-498F-B637-449A3F9DC347} = {DA6C1243-517A-4827-A7B0-05DDCEFA88A5}
		{C7302976-43EC-49DE-88F9-F2227C7F18B9} = {DA6C1243-517A-4827-A7B0-05DDCEFA88A5}
		{1BE0775E-A211-4D00-9016-C2825B065519} = {D1B22546-FB0C-498F-B637-449A3F9DC347}
		{FF639AE0-9057-4FC5-AF8B-956368B20EBE} = {C7302976-43EC-49DE-88F9-F2227C7F18B9}
	EndGlobalSection
	GlobalSection(ExtensibilityGlobals) = postSolution
		SolutionGuid = {4AE79F3F-25E2-4C61-BE07-B2D2169C7000}
	EndGlobalSection
EndGlobal
